// !$*UTF8*$!
{
	archiveVersion = 1;
	classes = {
	};
	objectVersion = 55;
	objects = {

/* Begin PBXBuildFile section */
		3B1A474E67114984F29F43AB /* Pods_TapCardCheckoutExampleObjc.framework in Frameworks */ = {isa = PBXBuildFile; fileRef = 5945403C82C768649B6AE384 /* Pods_TapCardCheckoutExampleObjc.framework */; };
		4630C9E98983B0A1A514926A /* Pods_TapCardCheckOutKit.framework in Frameworks */ = {isa = PBXBuildFile; fileRef = 95BD0FD8D531C7E28085527C /* Pods_TapCardCheckOutKit.framework */; };
		BBADB5ABAA6C652F7D3A3BCB /* Pods_TapCardCheckoutExample.framework in Frameworks */ = {isa = PBXBuildFile; fileRef = 93326734CE10E55531CF012C /* Pods_TapCardCheckoutExample.framework */; };
		E83262E627E88B6E005F3AAF /* TapCardCheckOutKit.docc in Sources */ = {isa = PBXBuildFile; fileRef = E83262E527E88B6E005F3AAF /* TapCardCheckOutKit.docc */; };
		E83262E727E88B6E005F3AAF /* TapCardCheckOutKit.h in Headers */ = {isa = PBXBuildFile; fileRef = E83262E427E88B6E005F3AAF /* TapCardCheckOutKit.h */; settings = {ATTRIBUTES = (Public, ); }; };
		E83262F827E88C6F005F3AAF /* AppDelegate.swift in Sources */ = {isa = PBXBuildFile; fileRef = E83262F727E88C6F005F3AAF /* AppDelegate.swift */; };
		E83262FA27E88C6F005F3AAF /* SceneDelegate.swift in Sources */ = {isa = PBXBuildFile; fileRef = E83262F927E88C6F005F3AAF /* SceneDelegate.swift */; };
		E83262FC27E88C6F005F3AAF /* ViewController.swift in Sources */ = {isa = PBXBuildFile; fileRef = E83262FB27E88C6F005F3AAF /* ViewController.swift */; };
		E83262FF27E88C6F005F3AAF /* Main.storyboard in Resources */ = {isa = PBXBuildFile; fileRef = E83262FD27E88C6F005F3AAF /* Main.storyboard */; };
		E832630127E88C71005F3AAF /* Assets.xcassets in Resources */ = {isa = PBXBuildFile; fileRef = E832630027E88C71005F3AAF /* Assets.xcassets */; };
		E832630427E88C71005F3AAF /* LaunchScreen.storyboard in Resources */ = {isa = PBXBuildFile; fileRef = E832630227E88C71005F3AAF /* LaunchScreen.storyboard */; };
		E832630A27E88C91005F3AAF /* TapCardCheckOutKit.framework in Frameworks */ = {isa = PBXBuildFile; fileRef = E83262E127E88B6E005F3AAF /* TapCardCheckOutKit.framework */; platformFilter = ios; };
		E832630B27E88C91005F3AAF /* TapCardCheckOutKit.framework in Embed Frameworks */ = {isa = PBXBuildFile; fileRef = E83262E127E88B6E005F3AAF /* TapCardCheckOutKit.framework */; settings = {ATTRIBUTES = (CodeSignOnCopy, RemoveHeadersOnCopy, ); }; };
		E832631027E89420005F3AAF /* TapCardInputView.xib in Resources */ = {isa = PBXBuildFile; fileRef = E832630F27E89420005F3AAF /* TapCardInputView.xib */; };
		E832631227E89435005F3AAF /* TapCardInputView.swift in Sources */ = {isa = PBXBuildFile; fileRef = E832631127E89435005F3AAF /* TapCardInputView.swift */; };
		E832631427E8950D005F3AAF /* CardInputExtensions.swift in Sources */ = {isa = PBXBuildFile; fileRef = E832631327E8950D005F3AAF /* CardInputExtensions.swift */; };
		E832631627E8993C005F3AAF /* Theme.json in Resources */ = {isa = PBXBuildFile; fileRef = E832631527E8993C005F3AAF /* Theme.json */; };
		E832640627E9DB05005F3AAF /* NetworkManager.swift in Sources */ = {isa = PBXBuildFile; fileRef = E832640527E9DB05005F3AAF /* NetworkManager.swift */; };
		E832640827E9DBE0005F3AAF /* NetworkManagerExtension.swift in Sources */ = {isa = PBXBuildFile; fileRef = E832640727E9DBE0005F3AAF /* NetworkManagerExtension.swift */; };
		E832643727E9E193005F3AAF /* NetworkManagerApiCallsExtension.swift in Sources */ = {isa = PBXBuildFile; fileRef = E832643627E9E193005F3AAF /* NetworkManagerApiCallsExtension.swift */; };
		E832643F27E9EBBC005F3AAF /* TapCardDataConfiguration.swift in Sources */ = {isa = PBXBuildFile; fileRef = E832643E27E9EBBC005F3AAF /* TapCardDataConfiguration.swift */; };
		E832644327EA04A8005F3AAF /* CustomLightTheme.json in Resources */ = {isa = PBXBuildFile; fileRef = E832644227EA04A8005F3AAF /* CustomLightTheme.json */; };
		E832644527EA04C5005F3AAF /* CustomDarkTheme.json in Resources */ = {isa = PBXBuildFile; fileRef = E832644427EA04C5005F3AAF /* CustomDarkTheme.json */; };
		E832644727EA09BD005F3AAF /* TapCardForumTheme.swift in Sources */ = {isa = PBXBuildFile; fileRef = E832644627EA09BD005F3AAF /* TapCardForumTheme.swift */; };
		E832644927EA0EE8005F3AAF /* TapCardForumLocalisation.swift in Sources */ = {isa = PBXBuildFile; fileRef = E832644827EA0EE8005F3AAF /* TapCardForumLocalisation.swift */; };
		E832644D27EA10FD005F3AAF /* CustomLocalisation.json in Resources */ = {isa = PBXBuildFile; fileRef = E832644C27EA10FD005F3AAF /* CustomLocalisation.json */; };
		E832644F27EA20F3005F3AAF /* TapCardForumConfiguration.swift in Sources */ = {isa = PBXBuildFile; fileRef = E832644E27EA20F3005F3AAF /* TapCardForumConfiguration.swift */; };
		E83FD0DA288D590800057F22 /* amazon.jpeg in Resources */ = {isa = PBXBuildFile; fileRef = E83FD0D9288D590800057F22 /* amazon.jpeg */; };
		E848091728998D49003FDF34 /* CardFieldsValidity.swift in Sources */ = {isa = PBXBuildFile; fileRef = E848091628998D49003FDF34 /* CardFieldsValidity.swift */; };
		E84809192899973F003FDF34 /* NetworkCallsLogsViewController.swift in Sources */ = {isa = PBXBuildFile; fileRef = E84809182899973F003FDF34 /* NetworkCallsLogsViewController.swift */; };
		E8503AA72896512200D1B8B0 /* CardKitGoogle.plist in Resources */ = {isa = PBXBuildFile; fileRef = E8503AA62896512200D1B8B0 /* CardKitGoogle.plist */; };
		E858E294293737DA003234B4 /* TapCardView.swift in Sources */ = {isa = PBXBuildFile; fileRef = E858E293293737DA003234B4 /* TapCardView.swift */; };
		E858E296293737E6003234B4 /* TapCardView.xib in Resources */ = {isa = PBXBuildFile; fileRef = E858E295293737E6003234B4 /* TapCardView.xib */; };
		E86217BE28F00E9400EAAFA6 /* TestNewUIViewController.swift in Sources */ = {isa = PBXBuildFile; fileRef = E86217BD28F00E9400EAAFA6 /* TestNewUIViewController.swift */; };
		E86217C028F0102D00EAAFA6 /* TapCardKit.swift in Sources */ = {isa = PBXBuildFile; fileRef = E86217BF28F0102D00EAAFA6 /* TapCardKit.swift */; };
		E874F804288585B70067DB3E /* DempSettingsViewController.swift in Sources */ = {isa = PBXBuildFile; fileRef = E874F803288585B70067DB3E /* DempSettingsViewController.swift */; };
		E874F806288586C50067DB3E /* ConfigurationSharedManager.swift in Sources */ = {isa = PBXBuildFile; fileRef = E874F805288586C50067DB3E /* ConfigurationSharedManager.swift */; };
		E89B99772892818600B03726 /* TapCallsResponseGenerator.swift in Sources */ = {isa = PBXBuildFile; fileRef = E89B99762892818600B03726 /* TapCallsResponseGenerator.swift */; };
		E89B99792893A6E700B03726 /* NetworkManager+HandlingResponses.swift in Sources */ = {isa = PBXBuildFile; fileRef = E89B99782893A6E700B03726 /* NetworkManager+HandlingResponses.swift */; };
		E89B997B2893AD2300B03726 /* TapCheckout+WebPaymentHandler.swift in Sources */ = {isa = PBXBuildFile; fileRef = E89B997A2893AD2300B03726 /* TapCheckout+WebPaymentHandler.swift */; };
		E89B997E2893C76B00B03726 /* TapWebViewController.swift in Sources */ = {isa = PBXBuildFile; fileRef = E89B997C2893C76B00B03726 /* TapWebViewController.swift */; };
		E89B997F2893C76B00B03726 /* TapWebViewController.xib in Resources */ = {isa = PBXBuildFile; fileRef = E89B997D2893C76B00B03726 /* TapWebViewController.xib */; };
		E89B998128940B0900B03726 /* CreateCustomerViewController.swift in Sources */ = {isa = PBXBuildFile; fileRef = E89B998028940B0800B03726 /* CreateCustomerViewController.swift */; };
		E8A5AF7528BCC15900620427 /* AppDelegate.m in Sources */ = {isa = PBXBuildFile; fileRef = E8A5AF7428BCC15900620427 /* AppDelegate.m */; };
		E8A5AF7828BCC15900620427 /* SceneDelegate.m in Sources */ = {isa = PBXBuildFile; fileRef = E8A5AF7728BCC15900620427 /* SceneDelegate.m */; };
		E8A5AF7B28BCC15900620427 /* ViewController.m in Sources */ = {isa = PBXBuildFile; fileRef = E8A5AF7A28BCC15900620427 /* ViewController.m */; };
		E8A5AF7E28BCC15900620427 /* Main.storyboard in Resources */ = {isa = PBXBuildFile; fileRef = E8A5AF7C28BCC15900620427 /* Main.storyboard */; };
		E8A5AF8028BCC15B00620427 /* Assets.xcassets in Resources */ = {isa = PBXBuildFile; fileRef = E8A5AF7F28BCC15B00620427 /* Assets.xcassets */; };
		E8A5AF8328BCC15B00620427 /* LaunchScreen.storyboard in Resources */ = {isa = PBXBuildFile; fileRef = E8A5AF8128BCC15B00620427 /* LaunchScreen.storyboard */; };
		E8A5AF8628BCC15B00620427 /* main.m in Sources */ = {isa = PBXBuildFile; fileRef = E8A5AF8528BCC15B00620427 /* main.m */; };
		E8A5AF8A28BCC17B00620427 /* TapCardCheckOutKit.framework in Frameworks */ = {isa = PBXBuildFile; fileRef = E83262E127E88B6E005F3AAF /* TapCardCheckOutKit.framework */; platformFilter = ios; };
		E8A5AF8B28BCC17B00620427 /* TapCardCheckOutKit.framework in Embed Frameworks */ = {isa = PBXBuildFile; fileRef = E83262E127E88B6E005F3AAF /* TapCardCheckOutKit.framework */; settings = {ATTRIBUTES = (CodeSignOnCopy, RemoveHeadersOnCopy, ); }; };
		E8A5AF9128BCC67D00620427 /* CardInputDemoViewController.m in Sources */ = {isa = PBXBuildFile; fileRef = E8A5AF9028BCC67D00620427 /* CardInputDemoViewController.m */; };
		E8A5AF9228BCD07B00620427 /* CustomLightTheme.json in Resources */ = {isa = PBXBuildFile; fileRef = E832644227EA04A8005F3AAF /* CustomLightTheme.json */; };
		E8A5AF9328BCD07B00620427 /* CustomDarkTheme.json in Resources */ = {isa = PBXBuildFile; fileRef = E832644427EA04C5005F3AAF /* CustomDarkTheme.json */; };
		E8A5AF9428BCD7AC00620427 /* CustomLocalisation.json in Resources */ = {isa = PBXBuildFile; fileRef = E832644C27EA10FD005F3AAF /* CustomLocalisation.json */; };
		E8ABA68F28EEA724000A9F73 /* TapCardViewController.swift in Sources */ = {isa = PBXBuildFile; fileRef = E8ABA68E28EEA724000A9F73 /* TapCardViewController.swift */; };
/* End PBXBuildFile section */

/* Begin PBXContainerItemProxy section */
		E832630C27E88C91005F3AAF /* PBXContainerItemProxy */ = {
			isa = PBXContainerItemProxy;
			containerPortal = E83262D827E88B6E005F3AAF /* Project object */;
			proxyType = 1;
			remoteGlobalIDString = E83262E027E88B6E005F3AAF;
			remoteInfo = TapCardCheckOutKit;
		};
		E8A5AF8C28BCC17B00620427 /* PBXContainerItemProxy */ = {
			isa = PBXContainerItemProxy;
			containerPortal = E83262D827E88B6E005F3AAF /* Project object */;
			proxyType = 1;
			remoteGlobalIDString = E83262E027E88B6E005F3AAF;
			remoteInfo = TapCardCheckOutKit;
		};
/* End PBXContainerItemProxy section */

/* Begin PBXCopyFilesBuildPhase section */
		E832630E27E88C92005F3AAF /* Embed Frameworks */ = {
			isa = PBXCopyFilesBuildPhase;
			buildActionMask = 2147483647;
			dstPath = "";
			dstSubfolderSpec = 10;
			files = (
				E832630B27E88C91005F3AAF /* TapCardCheckOutKit.framework in Embed Frameworks */,
			);
			name = "Embed Frameworks";
			runOnlyForDeploymentPostprocessing = 0;
		};
		E8A5AF8E28BCC17B00620427 /* Embed Frameworks */ = {
			isa = PBXCopyFilesBuildPhase;
			buildActionMask = 2147483647;
			dstPath = "";
			dstSubfolderSpec = 10;
			files = (
				E8A5AF8B28BCC17B00620427 /* TapCardCheckOutKit.framework in Embed Frameworks */,
			);
			name = "Embed Frameworks";
			runOnlyForDeploymentPostprocessing = 0;
		};
/* End PBXCopyFilesBuildPhase section */

/* Begin PBXFileReference section */
		4AA042CE7F6CE843C5D822BB /* Pods-TapCardCheckOutKit.debug.xcconfig */ = {isa = PBXFileReference; includeInIndex = 1; lastKnownFileType = text.xcconfig; name = "Pods-TapCardCheckOutKit.debug.xcconfig"; path = "Target Support Files/Pods-TapCardCheckOutKit/Pods-TapCardCheckOutKit.debug.xcconfig"; sourceTree = "<group>"; };
		5618EC97EA446F613F27137D /* Pods-TapCardCheckoutExampleObjc.debug.xcconfig */ = {isa = PBXFileReference; includeInIndex = 1; lastKnownFileType = text.xcconfig; name = "Pods-TapCardCheckoutExampleObjc.debug.xcconfig"; path = "Target Support Files/Pods-TapCardCheckoutExampleObjc/Pods-TapCardCheckoutExampleObjc.debug.xcconfig"; sourceTree = "<group>"; };
		5945403C82C768649B6AE384 /* Pods_TapCardCheckoutExampleObjc.framework */ = {isa = PBXFileReference; explicitFileType = wrapper.framework; includeInIndex = 0; path = Pods_TapCardCheckoutExampleObjc.framework; sourceTree = BUILT_PRODUCTS_DIR; };
		69D577F56116879A8D8D1BE9 /* Pods-TapCardCheckOutKit.release.xcconfig */ = {isa = PBXFileReference; includeInIndex = 1; lastKnownFileType = text.xcconfig; name = "Pods-TapCardCheckOutKit.release.xcconfig"; path = "Target Support Files/Pods-TapCardCheckOutKit/Pods-TapCardCheckOutKit.release.xcconfig"; sourceTree = "<group>"; };
		7DC6A926CF6319E834F34AC8 /* Pods-TapCardCheckoutExample.debug.xcconfig */ = {isa = PBXFileReference; includeInIndex = 1; lastKnownFileType = text.xcconfig; name = "Pods-TapCardCheckoutExample.debug.xcconfig"; path = "Target Support Files/Pods-TapCardCheckoutExample/Pods-TapCardCheckoutExample.debug.xcconfig"; sourceTree = "<group>"; };
		93326734CE10E55531CF012C /* Pods_TapCardCheckoutExample.framework */ = {isa = PBXFileReference; explicitFileType = wrapper.framework; includeInIndex = 0; path = Pods_TapCardCheckoutExample.framework; sourceTree = BUILT_PRODUCTS_DIR; };
		948F72CB1B0B868F900D896E /* Pods-TapCardCheckoutExampleObjc.release.xcconfig */ = {isa = PBXFileReference; includeInIndex = 1; lastKnownFileType = text.xcconfig; name = "Pods-TapCardCheckoutExampleObjc.release.xcconfig"; path = "Target Support Files/Pods-TapCardCheckoutExampleObjc/Pods-TapCardCheckoutExampleObjc.release.xcconfig"; sourceTree = "<group>"; };
		95BD0FD8D531C7E28085527C /* Pods_TapCardCheckOutKit.framework */ = {isa = PBXFileReference; explicitFileType = wrapper.framework; includeInIndex = 0; path = Pods_TapCardCheckOutKit.framework; sourceTree = BUILT_PRODUCTS_DIR; };
		D2067D162FDFC067773A11B1 /* Pods-TapCardCheckoutExample.release.xcconfig */ = {isa = PBXFileReference; includeInIndex = 1; lastKnownFileType = text.xcconfig; name = "Pods-TapCardCheckoutExample.release.xcconfig"; path = "Target Support Files/Pods-TapCardCheckoutExample/Pods-TapCardCheckoutExample.release.xcconfig"; sourceTree = "<group>"; };
		E83262E127E88B6E005F3AAF /* TapCardCheckOutKit.framework */ = {isa = PBXFileReference; explicitFileType = wrapper.framework; includeInIndex = 0; path = TapCardCheckOutKit.framework; sourceTree = BUILT_PRODUCTS_DIR; };
		E83262E427E88B6E005F3AAF /* TapCardCheckOutKit.h */ = {isa = PBXFileReference; lastKnownFileType = sourcecode.c.h; path = TapCardCheckOutKit.h; sourceTree = "<group>"; };
		E83262E527E88B6E005F3AAF /* TapCardCheckOutKit.docc */ = {isa = PBXFileReference; lastKnownFileType = folder.documentationcatalog; path = TapCardCheckOutKit.docc; sourceTree = "<group>"; };
		E83262F527E88C6F005F3AAF /* TapCardCheckoutExample.app */ = {isa = PBXFileReference; explicitFileType = wrapper.application; includeInIndex = 0; path = TapCardCheckoutExample.app; sourceTree = BUILT_PRODUCTS_DIR; };
		E83262F727E88C6F005F3AAF /* AppDelegate.swift */ = {isa = PBXFileReference; lastKnownFileType = sourcecode.swift; path = AppDelegate.swift; sourceTree = "<group>"; };
		E83262F927E88C6F005F3AAF /* SceneDelegate.swift */ = {isa = PBXFileReference; lastKnownFileType = sourcecode.swift; path = SceneDelegate.swift; sourceTree = "<group>"; };
		E83262FB27E88C6F005F3AAF /* ViewController.swift */ = {isa = PBXFileReference; lastKnownFileType = sourcecode.swift; path = ViewController.swift; sourceTree = "<group>"; };
		E83262FE27E88C6F005F3AAF /* Base */ = {isa = PBXFileReference; lastKnownFileType = file.storyboard; name = Base; path = Base.lproj/Main.storyboard; sourceTree = "<group>"; };
		E832630027E88C71005F3AAF /* Assets.xcassets */ = {isa = PBXFileReference; lastKnownFileType = folder.assetcatalog; path = Assets.xcassets; sourceTree = "<group>"; };
		E832630327E88C71005F3AAF /* Base */ = {isa = PBXFileReference; lastKnownFileType = file.storyboard; name = Base; path = Base.lproj/LaunchScreen.storyboard; sourceTree = "<group>"; };
		E832630527E88C71005F3AAF /* Info.plist */ = {isa = PBXFileReference; lastKnownFileType = text.plist.xml; path = Info.plist; sourceTree = "<group>"; };
		E832630F27E89420005F3AAF /* TapCardInputView.xib */ = {isa = PBXFileReference; lastKnownFileType = file.xib; path = TapCardInputView.xib; sourceTree = "<group>"; };
		E832631127E89435005F3AAF /* TapCardInputView.swift */ = {isa = PBXFileReference; lastKnownFileType = sourcecode.swift; path = TapCardInputView.swift; sourceTree = "<group>"; };
		E832631327E8950D005F3AAF /* CardInputExtensions.swift */ = {isa = PBXFileReference; lastKnownFileType = sourcecode.swift; path = CardInputExtensions.swift; sourceTree = "<group>"; };
		E832631527E8993C005F3AAF /* Theme.json */ = {isa = PBXFileReference; fileEncoding = 4; lastKnownFileType = text.json; path = Theme.json; sourceTree = "<group>"; };
		E832640527E9DB05005F3AAF /* NetworkManager.swift */ = {isa = PBXFileReference; fileEncoding = 4; lastKnownFileType = sourcecode.swift; path = NetworkManager.swift; sourceTree = "<group>"; };
		E832640727E9DBE0005F3AAF /* NetworkManagerExtension.swift */ = {isa = PBXFileReference; lastKnownFileType = sourcecode.swift; path = NetworkManagerExtension.swift; sourceTree = "<group>"; };
		E832643627E9E193005F3AAF /* NetworkManagerApiCallsExtension.swift */ = {isa = PBXFileReference; lastKnownFileType = sourcecode.swift; path = NetworkManagerApiCallsExtension.swift; sourceTree = "<group>"; };
		E832643E27E9EBBC005F3AAF /* TapCardDataConfiguration.swift */ = {isa = PBXFileReference; lastKnownFileType = sourcecode.swift; path = TapCardDataConfiguration.swift; sourceTree = "<group>"; };
		E832644227EA04A8005F3AAF /* CustomLightTheme.json */ = {isa = PBXFileReference; lastKnownFileType = text.json; path = CustomLightTheme.json; sourceTree = "<group>"; };
		E832644427EA04C5005F3AAF /* CustomDarkTheme.json */ = {isa = PBXFileReference; lastKnownFileType = text.json; path = CustomDarkTheme.json; sourceTree = "<group>"; };
		E832644627EA09BD005F3AAF /* TapCardForumTheme.swift */ = {isa = PBXFileReference; lastKnownFileType = sourcecode.swift; path = TapCardForumTheme.swift; sourceTree = "<group>"; };
		E832644827EA0EE8005F3AAF /* TapCardForumLocalisation.swift */ = {isa = PBXFileReference; lastKnownFileType = sourcecode.swift; path = TapCardForumLocalisation.swift; sourceTree = "<group>"; };
		E832644C27EA10FD005F3AAF /* CustomLocalisation.json */ = {isa = PBXFileReference; lastKnownFileType = text.json; path = CustomLocalisation.json; sourceTree = "<group>"; };
		E832644E27EA20F3005F3AAF /* TapCardForumConfiguration.swift */ = {isa = PBXFileReference; lastKnownFileType = sourcecode.swift; path = TapCardForumConfiguration.swift; sourceTree = "<group>"; };
		E83FD0D9288D590800057F22 /* amazon.jpeg */ = {isa = PBXFileReference; lastKnownFileType = image.jpeg; path = amazon.jpeg; sourceTree = "<group>"; };
		E848091628998D49003FDF34 /* CardFieldsValidity.swift */ = {isa = PBXFileReference; lastKnownFileType = sourcecode.swift; path = CardFieldsValidity.swift; sourceTree = "<group>"; };
		E84809182899973F003FDF34 /* NetworkCallsLogsViewController.swift */ = {isa = PBXFileReference; lastKnownFileType = sourcecode.swift; path = NetworkCallsLogsViewController.swift; sourceTree = "<group>"; };
		E8503AA62896512200D1B8B0 /* CardKitGoogle.plist */ = {isa = PBXFileReference; fileEncoding = 4; lastKnownFileType = text.plist.xml; path = CardKitGoogle.plist; sourceTree = "<group>"; };
		E858E293293737DA003234B4 /* TapCardView.swift */ = {isa = PBXFileReference; lastKnownFileType = sourcecode.swift; path = TapCardView.swift; sourceTree = "<group>"; };
		E858E295293737E6003234B4 /* TapCardView.xib */ = {isa = PBXFileReference; lastKnownFileType = file.xib; path = TapCardView.xib; sourceTree = "<group>"; };
		E86217BD28F00E9400EAAFA6 /* TestNewUIViewController.swift */ = {isa = PBXFileReference; lastKnownFileType = sourcecode.swift; path = TestNewUIViewController.swift; sourceTree = "<group>"; };
		E86217BF28F0102D00EAAFA6 /* TapCardKit.swift */ = {isa = PBXFileReference; lastKnownFileType = sourcecode.swift; path = TapCardKit.swift; sourceTree = "<group>"; };
		E874F803288585B70067DB3E /* DempSettingsViewController.swift */ = {isa = PBXFileReference; lastKnownFileType = sourcecode.swift; path = DempSettingsViewController.swift; sourceTree = "<group>"; };
		E874F805288586C50067DB3E /* ConfigurationSharedManager.swift */ = {isa = PBXFileReference; lastKnownFileType = sourcecode.swift; path = ConfigurationSharedManager.swift; sourceTree = "<group>"; };
		E89B99762892818600B03726 /* TapCallsResponseGenerator.swift */ = {isa = PBXFileReference; lastKnownFileType = sourcecode.swift; path = TapCallsResponseGenerator.swift; sourceTree = "<group>"; };
		E89B99782893A6E700B03726 /* NetworkManager+HandlingResponses.swift */ = {isa = PBXFileReference; lastKnownFileType = sourcecode.swift; path = "NetworkManager+HandlingResponses.swift"; sourceTree = "<group>"; };
		E89B997A2893AD2300B03726 /* TapCheckout+WebPaymentHandler.swift */ = {isa = PBXFileReference; fileEncoding = 4; lastKnownFileType = sourcecode.swift; path = "TapCheckout+WebPaymentHandler.swift"; sourceTree = "<group>"; };
		E89B997C2893C76B00B03726 /* TapWebViewController.swift */ = {isa = PBXFileReference; lastKnownFileType = sourcecode.swift; path = TapWebViewController.swift; sourceTree = "<group>"; };
		E89B997D2893C76B00B03726 /* TapWebViewController.xib */ = {isa = PBXFileReference; lastKnownFileType = file.xib; path = TapWebViewController.xib; sourceTree = "<group>"; };
		E89B998028940B0800B03726 /* CreateCustomerViewController.swift */ = {isa = PBXFileReference; fileEncoding = 4; lastKnownFileType = sourcecode.swift; path = CreateCustomerViewController.swift; sourceTree = "<group>"; };
		E8A5AF7128BCC15800620427 /* TapCardCheckoutExampleObjc.app */ = {isa = PBXFileReference; explicitFileType = wrapper.application; includeInIndex = 0; path = TapCardCheckoutExampleObjc.app; sourceTree = BUILT_PRODUCTS_DIR; };
		E8A5AF7328BCC15900620427 /* AppDelegate.h */ = {isa = PBXFileReference; lastKnownFileType = sourcecode.c.h; path = AppDelegate.h; sourceTree = "<group>"; };
		E8A5AF7428BCC15900620427 /* AppDelegate.m */ = {isa = PBXFileReference; lastKnownFileType = sourcecode.c.objc; path = AppDelegate.m; sourceTree = "<group>"; };
		E8A5AF7628BCC15900620427 /* SceneDelegate.h */ = {isa = PBXFileReference; lastKnownFileType = sourcecode.c.h; path = SceneDelegate.h; sourceTree = "<group>"; };
		E8A5AF7728BCC15900620427 /* SceneDelegate.m */ = {isa = PBXFileReference; lastKnownFileType = sourcecode.c.objc; path = SceneDelegate.m; sourceTree = "<group>"; };
		E8A5AF7928BCC15900620427 /* ViewController.h */ = {isa = PBXFileReference; lastKnownFileType = sourcecode.c.h; path = ViewController.h; sourceTree = "<group>"; };
		E8A5AF7A28BCC15900620427 /* ViewController.m */ = {isa = PBXFileReference; lastKnownFileType = sourcecode.c.objc; path = ViewController.m; sourceTree = "<group>"; };
		E8A5AF7D28BCC15900620427 /* Base */ = {isa = PBXFileReference; lastKnownFileType = file.storyboard; name = Base; path = Base.lproj/Main.storyboard; sourceTree = "<group>"; };
		E8A5AF7F28BCC15B00620427 /* Assets.xcassets */ = {isa = PBXFileReference; lastKnownFileType = folder.assetcatalog; path = Assets.xcassets; sourceTree = "<group>"; };
		E8A5AF8228BCC15B00620427 /* Base */ = {isa = PBXFileReference; lastKnownFileType = file.storyboard; name = Base; path = Base.lproj/LaunchScreen.storyboard; sourceTree = "<group>"; };
		E8A5AF8428BCC15B00620427 /* Info.plist */ = {isa = PBXFileReference; lastKnownFileType = text.plist.xml; path = Info.plist; sourceTree = "<group>"; };
		E8A5AF8528BCC15B00620427 /* main.m */ = {isa = PBXFileReference; lastKnownFileType = sourcecode.c.objc; path = main.m; sourceTree = "<group>"; };
		E8A5AF8F28BCC67D00620427 /* CardInputDemoViewController.h */ = {isa = PBXFileReference; lastKnownFileType = sourcecode.c.h; path = CardInputDemoViewController.h; sourceTree = "<group>"; };
		E8A5AF9028BCC67D00620427 /* CardInputDemoViewController.m */ = {isa = PBXFileReference; lastKnownFileType = sourcecode.c.objc; path = CardInputDemoViewController.m; sourceTree = "<group>"; };
		E8ABA68E28EEA724000A9F73 /* TapCardViewController.swift */ = {isa = PBXFileReference; lastKnownFileType = sourcecode.swift; path = TapCardViewController.swift; sourceTree = "<group>"; };
/* End PBXFileReference section */

/* Begin PBXFrameworksBuildPhase section */
		E83262DE27E88B6E005F3AAF /* Frameworks */ = {
			isa = PBXFrameworksBuildPhase;
			buildActionMask = 2147483647;
			files = (
				4630C9E98983B0A1A514926A /* Pods_TapCardCheckOutKit.framework in Frameworks */,
			);
			runOnlyForDeploymentPostprocessing = 0;
		};
		E83262F227E88C6F005F3AAF /* Frameworks */ = {
			isa = PBXFrameworksBuildPhase;
			buildActionMask = 2147483647;
			files = (
				E832630A27E88C91005F3AAF /* TapCardCheckOutKit.framework in Frameworks */,
				BBADB5ABAA6C652F7D3A3BCB /* Pods_TapCardCheckoutExample.framework in Frameworks */,
			);
			runOnlyForDeploymentPostprocessing = 0;
		};
		E8A5AF6E28BCC15800620427 /* Frameworks */ = {
			isa = PBXFrameworksBuildPhase;
			buildActionMask = 2147483647;
			files = (
				E8A5AF8A28BCC17B00620427 /* TapCardCheckOutKit.framework in Frameworks */,
				3B1A474E67114984F29F43AB /* Pods_TapCardCheckoutExampleObjc.framework in Frameworks */,
			);
			runOnlyForDeploymentPostprocessing = 0;
		};
/* End PBXFrameworksBuildPhase section */

/* Begin PBXGroup section */
		0328E0E230783A68A6A8646D /* Pods */ = {
			isa = PBXGroup;
			children = (
				4AA042CE7F6CE843C5D822BB /* Pods-TapCardCheckOutKit.debug.xcconfig */,
				69D577F56116879A8D8D1BE9 /* Pods-TapCardCheckOutKit.release.xcconfig */,
				7DC6A926CF6319E834F34AC8 /* Pods-TapCardCheckoutExample.debug.xcconfig */,
				D2067D162FDFC067773A11B1 /* Pods-TapCardCheckoutExample.release.xcconfig */,
				5618EC97EA446F613F27137D /* Pods-TapCardCheckoutExampleObjc.debug.xcconfig */,
				948F72CB1B0B868F900D896E /* Pods-TapCardCheckoutExampleObjc.release.xcconfig */,
			);
			path = Pods;
			sourceTree = "<group>";
		};
		E83262D727E88B6E005F3AAF = {
			isa = PBXGroup;
			children = (
				E83262E327E88B6E005F3AAF /* TapCardCheckOutKit */,
				E83262F627E88C6F005F3AAF /* TapCardCheckoutExample */,
				E8A5AF7228BCC15900620427 /* TapCardCheckoutExampleObjc */,
				E83262E227E88B6E005F3AAF /* Products */,
				E832630927E88C91005F3AAF /* Frameworks */,
				0328E0E230783A68A6A8646D /* Pods */,
			);
			sourceTree = "<group>";
		};
		E83262E227E88B6E005F3AAF /* Products */ = {
			isa = PBXGroup;
			children = (
				E83262E127E88B6E005F3AAF /* TapCardCheckOutKit.framework */,
				E83262F527E88C6F005F3AAF /* TapCardCheckoutExample.app */,
				E8A5AF7128BCC15800620427 /* TapCardCheckoutExampleObjc.app */,
			);
			name = Products;
			sourceTree = "<group>";
		};
		E83262E327E88B6E005F3AAF /* TapCardCheckOutKit */ = {
			isa = PBXGroup;
			children = (
				E83262ED27E88BCF005F3AAF /* Core */,
				E83262E427E88B6E005F3AAF /* TapCardCheckOutKit.h */,
				E83262E527E88B6E005F3AAF /* TapCardCheckOutKit.docc */,
			);
			path = TapCardCheckOutKit;
			sourceTree = "<group>";
		};
		E83262ED27E88BCF005F3AAF /* Core */ = {
			isa = PBXGroup;
			children = (
				E8ED36EA27EAFC900050589E /* Logic */,
				E83262EE27E88BE7005F3AAF /* Assets */,
			);
			path = Core;
			sourceTree = "<group>";
		};
		E83262EE27E88BE7005F3AAF /* Assets */ = {
			isa = PBXGroup;
			children = (
				E8503AA62896512200D1B8B0 /* CardKitGoogle.plist */,
				E832631527E8993C005F3AAF /* Theme.json */,
				E832630F27E89420005F3AAF /* TapCardInputView.xib */,
				E858E295293737E6003234B4 /* TapCardView.xib */,
			);
			path = Assets;
			sourceTree = "<group>";
		};
		E83262EF27E88BEC005F3AAF /* private */ = {
			isa = PBXGroup;
			children = (
				E89B997A2893AD2300B03726 /* TapCheckout+WebPaymentHandler.swift */,
				E832640727E9DBE0005F3AAF /* NetworkManagerExtension.swift */,
				E832631327E8950D005F3AAF /* CardInputExtensions.swift */,
				E89B997C2893C76B00B03726 /* TapWebViewController.swift */,
				E89B997D2893C76B00B03726 /* TapWebViewController.xib */,
			);
			path = private;
			sourceTree = "<group>";
		};
		E83262F027E88BF2005F3AAF /* public */ = {
			isa = PBXGroup;
			children = (
				E858E293293737DA003234B4 /* TapCardView.swift */,
				E832631127E89435005F3AAF /* TapCardInputView.swift */,
				E832644E27EA20F3005F3AAF /* TapCardForumConfiguration.swift */,
				E86217BF28F0102D00EAAFA6 /* TapCardKit.swift */,
			);
			path = public;
			sourceTree = "<group>";
		};
		E83262F627E88C6F005F3AAF /* TapCardCheckoutExample */ = {
			isa = PBXGroup;
			children = (
				E89B998028940B0800B03726 /* CreateCustomerViewController.swift */,
				E83262F727E88C6F005F3AAF /* AppDelegate.swift */,
				E83262F927E88C6F005F3AAF /* SceneDelegate.swift */,
				E83262FB27E88C6F005F3AAF /* ViewController.swift */,
				E83262FD27E88C6F005F3AAF /* Main.storyboard */,
				E83FD0D9288D590800057F22 /* amazon.jpeg */,
				E832630027E88C71005F3AAF /* Assets.xcassets */,
				E832630227E88C71005F3AAF /* LaunchScreen.storyboard */,
				E832630527E88C71005F3AAF /* Info.plist */,
				E832644227EA04A8005F3AAF /* CustomLightTheme.json */,
				E832644427EA04C5005F3AAF /* CustomDarkTheme.json */,
				E832644C27EA10FD005F3AAF /* CustomLocalisation.json */,
				E874F803288585B70067DB3E /* DempSettingsViewController.swift */,
				E874F805288586C50067DB3E /* ConfigurationSharedManager.swift */,
				E84809182899973F003FDF34 /* NetworkCallsLogsViewController.swift */,
				E8ABA68E28EEA724000A9F73 /* TapCardViewController.swift */,
				E86217BD28F00E9400EAAFA6 /* TestNewUIViewController.swift */,
			);
			path = TapCardCheckoutExample;
			sourceTree = "<group>";
		};
		E832630927E88C91005F3AAF /* Frameworks */ = {
			isa = PBXGroup;
			children = (
				95BD0FD8D531C7E28085527C /* Pods_TapCardCheckOutKit.framework */,
				93326734CE10E55531CF012C /* Pods_TapCardCheckoutExample.framework */,
				5945403C82C768649B6AE384 /* Pods_TapCardCheckoutExampleObjc.framework */,
			);
			name = Frameworks;
			sourceTree = "<group>";
		};
		E832640427E9DAE1005F3AAF /* Network */ = {
			isa = PBXGroup;
			children = (
				E832641C27E9DF59005F3AAF /* ApiCalls */,
				E832641727E9DE22005F3AAF /* Utils */,
				E832641627E9DE1E005F3AAF /* Models */,
				E832641127E9DD2A005F3AAF /* Enums */,
				E832640527E9DB05005F3AAF /* NetworkManager.swift */,
				E89B99762892818600B03726 /* TapCallsResponseGenerator.swift */,
			);
			path = Network;
			sourceTree = "<group>";
		};
		E832641127E9DD2A005F3AAF /* Enums */ = {
			isa = PBXGroup;
			children = (
			);
			path = Enums;
			sourceTree = "<group>";
		};
		E832641627E9DE1E005F3AAF /* Models */ = {
			isa = PBXGroup;
			children = (
				E832643E27E9EBBC005F3AAF /* TapCardDataConfiguration.swift */,
				E832644627EA09BD005F3AAF /* TapCardForumTheme.swift */,
				E832644827EA0EE8005F3AAF /* TapCardForumLocalisation.swift */,
				E848091628998D49003FDF34 /* CardFieldsValidity.swift */,
			);
			path = Models;
			sourceTree = "<group>";
		};
		E832641727E9DE22005F3AAF /* Utils */ = {
			isa = PBXGroup;
			children = (
			);
			path = Utils;
			sourceTree = "<group>";
		};
		E832641C27E9DF59005F3AAF /* ApiCalls */ = {
			isa = PBXGroup;
			children = (
				E832643627E9E193005F3AAF /* NetworkManagerApiCallsExtension.swift */,
				E89B99782893A6E700B03726 /* NetworkManager+HandlingResponses.swift */,
			);
			path = ApiCalls;
			sourceTree = "<group>";
		};
		E8A5AF7228BCC15900620427 /* TapCardCheckoutExampleObjc */ = {
			isa = PBXGroup;
			children = (
				E8A5AF7328BCC15900620427 /* AppDelegate.h */,
				E8A5AF7428BCC15900620427 /* AppDelegate.m */,
				E8A5AF7628BCC15900620427 /* SceneDelegate.h */,
				E8A5AF7728BCC15900620427 /* SceneDelegate.m */,
				E8A5AF7928BCC15900620427 /* ViewController.h */,
				E8A5AF7A28BCC15900620427 /* ViewController.m */,
				E8A5AF7C28BCC15900620427 /* Main.storyboard */,
				E8A5AF7F28BCC15B00620427 /* Assets.xcassets */,
				E8A5AF8128BCC15B00620427 /* LaunchScreen.storyboard */,
				E8A5AF8428BCC15B00620427 /* Info.plist */,
				E8A5AF8528BCC15B00620427 /* main.m */,
				E8A5AF8F28BCC67D00620427 /* CardInputDemoViewController.h */,
				E8A5AF9028BCC67D00620427 /* CardInputDemoViewController.m */,
			);
			path = TapCardCheckoutExampleObjc;
			sourceTree = "<group>";
		};
		E8ED36EA27EAFC900050589E /* Logic */ = {
			isa = PBXGroup;
			children = (
				E832640427E9DAE1005F3AAF /* Network */,
				E83262F027E88BF2005F3AAF /* public */,
				E83262EF27E88BEC005F3AAF /* private */,
			);
			path = Logic;
			sourceTree = "<group>";
		};
/* End PBXGroup section */

/* Begin PBXHeadersBuildPhase section */
		E83262DC27E88B6E005F3AAF /* Headers */ = {
			isa = PBXHeadersBuildPhase;
			buildActionMask = 2147483647;
			files = (
				E83262E727E88B6E005F3AAF /* TapCardCheckOutKit.h in Headers */,
			);
			runOnlyForDeploymentPostprocessing = 0;
		};
/* End PBXHeadersBuildPhase section */

/* Begin PBXNativeTarget section */
		E83262E027E88B6E005F3AAF /* TapCardCheckOutKit */ = {
			isa = PBXNativeTarget;
			buildConfigurationList = E83262EA27E88B6E005F3AAF /* Build configuration list for PBXNativeTarget "TapCardCheckOutKit" */;
			buildPhases = (
				B4B70A58F9192E91B5248E7F /* [CP] Check Pods Manifest.lock */,
				E83262DC27E88B6E005F3AAF /* Headers */,
				E83262DD27E88B6E005F3AAF /* Sources */,
				E83262DE27E88B6E005F3AAF /* Frameworks */,
				E83262DF27E88B6E005F3AAF /* Resources */,
			);
			buildRules = (
			);
			dependencies = (
			);
			name = TapCardCheckOutKit;
			productName = TapCardCheckOutKit;
			productReference = E83262E127E88B6E005F3AAF /* TapCardCheckOutKit.framework */;
			productType = "com.apple.product-type.framework";
		};
		E83262F427E88C6F005F3AAF /* TapCardCheckoutExample */ = {
			isa = PBXNativeTarget;
			buildConfigurationList = E832630627E88C71005F3AAF /* Build configuration list for PBXNativeTarget "TapCardCheckoutExample" */;
			buildPhases = (
				DF7220F0C211DC1FF410D228 /* [CP] Check Pods Manifest.lock */,
				E83262F127E88C6F005F3AAF /* Sources */,
				E83262F227E88C6F005F3AAF /* Frameworks */,
				E83262F327E88C6F005F3AAF /* Resources */,
				E832630E27E88C92005F3AAF /* Embed Frameworks */,
				AA15B857EBA4BFE9ACDAB2AC /* [CP] Embed Pods Frameworks */,
			);
			buildRules = (
			);
			dependencies = (
				E832630D27E88C91005F3AAF /* PBXTargetDependency */,
			);
			name = TapCardCheckoutExample;
			productName = TapCardCheckoutExample;
			productReference = E83262F527E88C6F005F3AAF /* TapCardCheckoutExample.app */;
			productType = "com.apple.product-type.application";
		};
		E8A5AF7028BCC15800620427 /* TapCardCheckoutExampleObjc */ = {
			isa = PBXNativeTarget;
			buildConfigurationList = E8A5AF8928BCC15B00620427 /* Build configuration list for PBXNativeTarget "TapCardCheckoutExampleObjc" */;
			buildPhases = (
				BB69CE3F1B4E61B16675C0EF /* [CP] Check Pods Manifest.lock */,
				E8A5AF6D28BCC15800620427 /* Sources */,
				E8A5AF6E28BCC15800620427 /* Frameworks */,
				E8A5AF6F28BCC15800620427 /* Resources */,
				E8A5AF8E28BCC17B00620427 /* Embed Frameworks */,
				6A338E24A861F9D776A7A3CE /* [CP] Embed Pods Frameworks */,
			);
			buildRules = (
			);
			dependencies = (
				E8A5AF8D28BCC17B00620427 /* PBXTargetDependency */,
			);
			name = TapCardCheckoutExampleObjc;
			productName = TapCardCheckoutExampleObjc;
			productReference = E8A5AF7128BCC15800620427 /* TapCardCheckoutExampleObjc.app */;
			productType = "com.apple.product-type.application";
		};
/* End PBXNativeTarget section */

/* Begin PBXProject section */
		E83262D827E88B6E005F3AAF /* Project object */ = {
			isa = PBXProject;
			attributes = {
				BuildIndependentTargetsInParallel = 1;
				LastSwiftUpdateCheck = 1330;
				LastUpgradeCheck = 1340;
				TargetAttributes = {
					E83262E027E88B6E005F3AAF = {
						CreatedOnToolsVersion = 13.3;
					};
					E83262F427E88C6F005F3AAF = {
						CreatedOnToolsVersion = 13.3;
					};
					E8A5AF7028BCC15800620427 = {
						CreatedOnToolsVersion = 13.4.1;
					};
				};
			};
			buildConfigurationList = E83262DB27E88B6E005F3AAF /* Build configuration list for PBXProject "TapCardCheckOutKit" */;
			compatibilityVersion = "Xcode 13.0";
			developmentRegion = en;
			hasScannedForEncodings = 0;
			knownRegions = (
				en,
				Base,
			);
			mainGroup = E83262D727E88B6E005F3AAF;
			productRefGroup = E83262E227E88B6E005F3AAF /* Products */;
			projectDirPath = "";
			projectRoot = "";
			targets = (
				E83262E027E88B6E005F3AAF /* TapCardCheckOutKit */,
				E83262F427E88C6F005F3AAF /* TapCardCheckoutExample */,
				E8A5AF7028BCC15800620427 /* TapCardCheckoutExampleObjc */,
			);
		};
/* End PBXProject section */

/* Begin PBXResourcesBuildPhase section */
		E83262DF27E88B6E005F3AAF /* Resources */ = {
			isa = PBXResourcesBuildPhase;
			buildActionMask = 2147483647;
			files = (
				E858E296293737E6003234B4 /* TapCardView.xib in Resources */,
				E8503AA72896512200D1B8B0 /* CardKitGoogle.plist in Resources */,
				E832631027E89420005F3AAF /* TapCardInputView.xib in Resources */,
				E832631627E8993C005F3AAF /* Theme.json in Resources */,
				E89B997F2893C76B00B03726 /* TapWebViewController.xib in Resources */,
			);
			runOnlyForDeploymentPostprocessing = 0;
		};
		E83262F327E88C6F005F3AAF /* Resources */ = {
			isa = PBXResourcesBuildPhase;
			buildActionMask = 2147483647;
			files = (
				E832644527EA04C5005F3AAF /* CustomDarkTheme.json in Resources */,
				E832630427E88C71005F3AAF /* LaunchScreen.storyboard in Resources */,
				E832644D27EA10FD005F3AAF /* CustomLocalisation.json in Resources */,
				E832630127E88C71005F3AAF /* Assets.xcassets in Resources */,
				E83262FF27E88C6F005F3AAF /* Main.storyboard in Resources */,
				E83FD0DA288D590800057F22 /* amazon.jpeg in Resources */,
				E832644327EA04A8005F3AAF /* CustomLightTheme.json in Resources */,
			);
			runOnlyForDeploymentPostprocessing = 0;
		};
		E8A5AF6F28BCC15800620427 /* Resources */ = {
			isa = PBXResourcesBuildPhase;
			buildActionMask = 2147483647;
			files = (
				E8A5AF9328BCD07B00620427 /* CustomDarkTheme.json in Resources */,
				E8A5AF8328BCC15B00620427 /* LaunchScreen.storyboard in Resources */,
				E8A5AF9428BCD7AC00620427 /* CustomLocalisation.json in Resources */,
				E8A5AF8028BCC15B00620427 /* Assets.xcassets in Resources */,
				E8A5AF7E28BCC15900620427 /* Main.storyboard in Resources */,
				E8A5AF9228BCD07B00620427 /* CustomLightTheme.json in Resources */,
			);
			runOnlyForDeploymentPostprocessing = 0;
		};
/* End PBXResourcesBuildPhase section */

/* Begin PBXShellScriptBuildPhase section */
		6A338E24A861F9D776A7A3CE /* [CP] Embed Pods Frameworks */ = {
			isa = PBXShellScriptBuildPhase;
			buildActionMask = 2147483647;
			files = (
			);
			inputFileListPaths = (
				"${PODS_ROOT}/Target Support Files/Pods-TapCardCheckoutExampleObjc/Pods-TapCardCheckoutExampleObjc-frameworks-${CONFIGURATION}-input-files.xcfilelist",
			);
			name = "[CP] Embed Pods Frameworks";
			outputFileListPaths = (
				"${PODS_ROOT}/Target Support Files/Pods-TapCardCheckoutExampleObjc/Pods-TapCardCheckoutExampleObjc-frameworks-${CONFIGURATION}-output-files.xcfilelist",
			);
			runOnlyForDeploymentPostprocessing = 0;
			shellPath = /bin/sh;
			shellScript = "\"${PODS_ROOT}/Target Support Files/Pods-TapCardCheckoutExampleObjc/Pods-TapCardCheckoutExampleObjc-frameworks.sh\"\n";
			showEnvVarsInLog = 0;
		};
		AA15B857EBA4BFE9ACDAB2AC /* [CP] Embed Pods Frameworks */ = {
			isa = PBXShellScriptBuildPhase;
			buildActionMask = 2147483647;
			files = (
			);
			inputFileListPaths = (
				"${PODS_ROOT}/Target Support Files/Pods-TapCardCheckoutExample/Pods-TapCardCheckoutExample-frameworks-${CONFIGURATION}-input-files.xcfilelist",
			);
			name = "[CP] Embed Pods Frameworks";
			outputFileListPaths = (
				"${PODS_ROOT}/Target Support Files/Pods-TapCardCheckoutExample/Pods-TapCardCheckoutExample-frameworks-${CONFIGURATION}-output-files.xcfilelist",
			);
			runOnlyForDeploymentPostprocessing = 0;
			shellPath = /bin/sh;
			shellScript = "\"${PODS_ROOT}/Target Support Files/Pods-TapCardCheckoutExample/Pods-TapCardCheckoutExample-frameworks.sh\"\n";
			showEnvVarsInLog = 0;
		};
		B4B70A58F9192E91B5248E7F /* [CP] Check Pods Manifest.lock */ = {
			isa = PBXShellScriptBuildPhase;
			buildActionMask = 2147483647;
			files = (
			);
			inputFileListPaths = (
			);
			inputPaths = (
				"${PODS_PODFILE_DIR_PATH}/Podfile.lock",
				"${PODS_ROOT}/Manifest.lock",
			);
			name = "[CP] Check Pods Manifest.lock";
			outputFileListPaths = (
			);
			outputPaths = (
				"$(DERIVED_FILE_DIR)/Pods-TapCardCheckOutKit-checkManifestLockResult.txt",
			);
			runOnlyForDeploymentPostprocessing = 0;
			shellPath = /bin/sh;
			shellScript = "diff \"${PODS_PODFILE_DIR_PATH}/Podfile.lock\" \"${PODS_ROOT}/Manifest.lock\" > /dev/null\nif [ $? != 0 ] ; then\n    # print error to STDERR\n    echo \"error: The sandbox is not in sync with the Podfile.lock. Run 'pod install' or update your CocoaPods installation.\" >&2\n    exit 1\nfi\n# This output is used by Xcode 'outputs' to avoid re-running this script phase.\necho \"SUCCESS\" > \"${SCRIPT_OUTPUT_FILE_0}\"\n";
			showEnvVarsInLog = 0;
		};
		BB69CE3F1B4E61B16675C0EF /* [CP] Check Pods Manifest.lock */ = {
			isa = PBXShellScriptBuildPhase;
			buildActionMask = 2147483647;
			files = (
			);
			inputFileListPaths = (
			);
			inputPaths = (
				"${PODS_PODFILE_DIR_PATH}/Podfile.lock",
				"${PODS_ROOT}/Manifest.lock",
			);
			name = "[CP] Check Pods Manifest.lock";
			outputFileListPaths = (
			);
			outputPaths = (
				"$(DERIVED_FILE_DIR)/Pods-TapCardCheckoutExampleObjc-checkManifestLockResult.txt",
			);
			runOnlyForDeploymentPostprocessing = 0;
			shellPath = /bin/sh;
			shellScript = "diff \"${PODS_PODFILE_DIR_PATH}/Podfile.lock\" \"${PODS_ROOT}/Manifest.lock\" > /dev/null\nif [ $? != 0 ] ; then\n    # print error to STDERR\n    echo \"error: The sandbox is not in sync with the Podfile.lock. Run 'pod install' or update your CocoaPods installation.\" >&2\n    exit 1\nfi\n# This output is used by Xcode 'outputs' to avoid re-running this script phase.\necho \"SUCCESS\" > \"${SCRIPT_OUTPUT_FILE_0}\"\n";
			showEnvVarsInLog = 0;
		};
		DF7220F0C211DC1FF410D228 /* [CP] Check Pods Manifest.lock */ = {
			isa = PBXShellScriptBuildPhase;
			buildActionMask = 2147483647;
			files = (
			);
			inputFileListPaths = (
			);
			inputPaths = (
				"${PODS_PODFILE_DIR_PATH}/Podfile.lock",
				"${PODS_ROOT}/Manifest.lock",
			);
			name = "[CP] Check Pods Manifest.lock";
			outputFileListPaths = (
			);
			outputPaths = (
				"$(DERIVED_FILE_DIR)/Pods-TapCardCheckoutExample-checkManifestLockResult.txt",
			);
			runOnlyForDeploymentPostprocessing = 0;
			shellPath = /bin/sh;
			shellScript = "diff \"${PODS_PODFILE_DIR_PATH}/Podfile.lock\" \"${PODS_ROOT}/Manifest.lock\" > /dev/null\nif [ $? != 0 ] ; then\n    # print error to STDERR\n    echo \"error: The sandbox is not in sync with the Podfile.lock. Run 'pod install' or update your CocoaPods installation.\" >&2\n    exit 1\nfi\n# This output is used by Xcode 'outputs' to avoid re-running this script phase.\necho \"SUCCESS\" > \"${SCRIPT_OUTPUT_FILE_0}\"\n";
			showEnvVarsInLog = 0;
		};
/* End PBXShellScriptBuildPhase section */

/* Begin PBXSourcesBuildPhase section */
		E83262DD27E88B6E005F3AAF /* Sources */ = {
			isa = PBXSourcesBuildPhase;
			buildActionMask = 2147483647;
			files = (
				E832640627E9DB05005F3AAF /* NetworkManager.swift in Sources */,
				E83262E627E88B6E005F3AAF /* TapCardCheckOutKit.docc in Sources */,
				E86217C028F0102D00EAAFA6 /* TapCardKit.swift in Sources */,
				E832640827E9DBE0005F3AAF /* NetworkManagerExtension.swift in Sources */,
				E832643727E9E193005F3AAF /* NetworkManagerApiCallsExtension.swift in Sources */,
				E832643F27E9EBBC005F3AAF /* TapCardDataConfiguration.swift in Sources */,
				E89B997B2893AD2300B03726 /* TapCheckout+WebPaymentHandler.swift in Sources */,
				E89B99772892818600B03726 /* TapCallsResponseGenerator.swift in Sources */,
				E832644927EA0EE8005F3AAF /* TapCardForumLocalisation.swift in Sources */,
				E832644727EA09BD005F3AAF /* TapCardForumTheme.swift in Sources */,
				E832631427E8950D005F3AAF /* CardInputExtensions.swift in Sources */,
				E848091728998D49003FDF34 /* CardFieldsValidity.swift in Sources */,
				E89B99792893A6E700B03726 /* NetworkManager+HandlingResponses.swift in Sources */,
				E858E294293737DA003234B4 /* TapCardView.swift in Sources */,
				E832644F27EA20F3005F3AAF /* TapCardForumConfiguration.swift in Sources */,
				E89B997E2893C76B00B03726 /* TapWebViewController.swift in Sources */,
				E832631227E89435005F3AAF /* TapCardInputView.swift in Sources */,
			);
			runOnlyForDeploymentPostprocessing = 0;
		};
		E83262F127E88C6F005F3AAF /* Sources */ = {
			isa = PBXSourcesBuildPhase;
			buildActionMask = 2147483647;
			files = (
				E83262FC27E88C6F005F3AAF /* ViewController.swift in Sources */,
				E874F806288586C50067DB3E /* ConfigurationSharedManager.swift in Sources */,
				E84809192899973F003FDF34 /* NetworkCallsLogsViewController.swift in Sources */,
				E83262F827E88C6F005F3AAF /* AppDelegate.swift in Sources */,
				E8ABA68F28EEA724000A9F73 /* TapCardViewController.swift in Sources */,
				E86217BE28F00E9400EAAFA6 /* TestNewUIViewController.swift in Sources */,
				E874F804288585B70067DB3E /* DempSettingsViewController.swift in Sources */,
				E89B998128940B0900B03726 /* CreateCustomerViewController.swift in Sources */,
				E83262FA27E88C6F005F3AAF /* SceneDelegate.swift in Sources */,
			);
			runOnlyForDeploymentPostprocessing = 0;
		};
		E8A5AF6D28BCC15800620427 /* Sources */ = {
			isa = PBXSourcesBuildPhase;
			buildActionMask = 2147483647;
			files = (
				E8A5AF7B28BCC15900620427 /* ViewController.m in Sources */,
				E8A5AF7528BCC15900620427 /* AppDelegate.m in Sources */,
				E8A5AF8628BCC15B00620427 /* main.m in Sources */,
				E8A5AF9128BCC67D00620427 /* CardInputDemoViewController.m in Sources */,
				E8A5AF7828BCC15900620427 /* SceneDelegate.m in Sources */,
			);
			runOnlyForDeploymentPostprocessing = 0;
		};
/* End PBXSourcesBuildPhase section */

/* Begin PBXTargetDependency section */
		E832630D27E88C91005F3AAF /* PBXTargetDependency */ = {
			isa = PBXTargetDependency;
			platformFilter = ios;
			target = E83262E027E88B6E005F3AAF /* TapCardCheckOutKit */;
			targetProxy = E832630C27E88C91005F3AAF /* PBXContainerItemProxy */;
		};
		E8A5AF8D28BCC17B00620427 /* PBXTargetDependency */ = {
			isa = PBXTargetDependency;
			platformFilter = ios;
			target = E83262E027E88B6E005F3AAF /* TapCardCheckOutKit */;
			targetProxy = E8A5AF8C28BCC17B00620427 /* PBXContainerItemProxy */;
		};
/* End PBXTargetDependency section */

/* Begin PBXVariantGroup section */
		E83262FD27E88C6F005F3AAF /* Main.storyboard */ = {
			isa = PBXVariantGroup;
			children = (
				E83262FE27E88C6F005F3AAF /* Base */,
			);
			name = Main.storyboard;
			sourceTree = "<group>";
		};
		E832630227E88C71005F3AAF /* LaunchScreen.storyboard */ = {
			isa = PBXVariantGroup;
			children = (
				E832630327E88C71005F3AAF /* Base */,
			);
			name = LaunchScreen.storyboard;
			sourceTree = "<group>";
		};
		E8A5AF7C28BCC15900620427 /* Main.storyboard */ = {
			isa = PBXVariantGroup;
			children = (
				E8A5AF7D28BCC15900620427 /* Base */,
			);
			name = Main.storyboard;
			sourceTree = "<group>";
		};
		E8A5AF8128BCC15B00620427 /* LaunchScreen.storyboard */ = {
			isa = PBXVariantGroup;
			children = (
				E8A5AF8228BCC15B00620427 /* Base */,
			);
			name = LaunchScreen.storyboard;
			sourceTree = "<group>";
		};
/* End PBXVariantGroup section */

/* Begin XCBuildConfiguration section */
		E83262E827E88B6E005F3AAF /* Debug */ = {
			isa = XCBuildConfiguration;
			buildSettings = {
				ALWAYS_SEARCH_USER_PATHS = NO;
				CLANG_ANALYZER_NONNULL = YES;
				CLANG_ANALYZER_NUMBER_OBJECT_CONVERSION = YES_AGGRESSIVE;
				CLANG_CXX_LANGUAGE_STANDARD = "gnu++17";
				CLANG_ENABLE_MODULES = YES;
				CLANG_ENABLE_OBJC_ARC = YES;
				CLANG_ENABLE_OBJC_WEAK = YES;
				CLANG_WARN_BLOCK_CAPTURE_AUTORELEASING = YES;
				CLANG_WARN_BOOL_CONVERSION = YES;
				CLANG_WARN_COMMA = YES;
				CLANG_WARN_CONSTANT_CONVERSION = YES;
				CLANG_WARN_DEPRECATED_OBJC_IMPLEMENTATIONS = YES;
				CLANG_WARN_DIRECT_OBJC_ISA_USAGE = YES_ERROR;
				CLANG_WARN_DOCUMENTATION_COMMENTS = YES;
				CLANG_WARN_EMPTY_BODY = YES;
				CLANG_WARN_ENUM_CONVERSION = YES;
				CLANG_WARN_INFINITE_RECURSION = YES;
				CLANG_WARN_INT_CONVERSION = YES;
				CLANG_WARN_NON_LITERAL_NULL_CONVERSION = YES;
				CLANG_WARN_OBJC_IMPLICIT_RETAIN_SELF = YES;
				CLANG_WARN_OBJC_LITERAL_CONVERSION = YES;
				CLANG_WARN_OBJC_ROOT_CLASS = YES_ERROR;
				CLANG_WARN_QUOTED_INCLUDE_IN_FRAMEWORK_HEADER = YES;
				CLANG_WARN_RANGE_LOOP_ANALYSIS = YES;
				CLANG_WARN_STRICT_PROTOTYPES = YES;
				CLANG_WARN_SUSPICIOUS_MOVE = YES;
				CLANG_WARN_UNGUARDED_AVAILABILITY = YES_AGGRESSIVE;
				CLANG_WARN_UNREACHABLE_CODE = YES;
				CLANG_WARN__DUPLICATE_METHOD_MATCH = YES;
				COPY_PHASE_STRIP = NO;
				CURRENT_PROJECT_VERSION = 1;
				DEBUG_INFORMATION_FORMAT = dwarf;
				ENABLE_STRICT_OBJC_MSGSEND = YES;
				ENABLE_TESTABILITY = YES;
				GCC_C_LANGUAGE_STANDARD = gnu11;
				GCC_DYNAMIC_NO_PIC = NO;
				GCC_NO_COMMON_BLOCKS = YES;
				GCC_OPTIMIZATION_LEVEL = 0;
				GCC_PREPROCESSOR_DEFINITIONS = (
					"DEBUG=1",
					"$(inherited)",
				);
				GCC_WARN_64_TO_32_BIT_CONVERSION = YES;
				GCC_WARN_ABOUT_RETURN_TYPE = YES_ERROR;
				GCC_WARN_UNDECLARED_SELECTOR = YES;
				GCC_WARN_UNINITIALIZED_AUTOS = YES_AGGRESSIVE;
				GCC_WARN_UNUSED_FUNCTION = YES;
				GCC_WARN_UNUSED_VARIABLE = YES;
				IPHONEOS_DEPLOYMENT_TARGET = 13.0;
				MTL_ENABLE_DEBUG_INFO = INCLUDE_SOURCE;
				MTL_FAST_MATH = YES;
				ONLY_ACTIVE_ARCH = YES;
				SDKROOT = iphoneos;
				SWIFT_ACTIVE_COMPILATION_CONDITIONS = DEBUG;
				SWIFT_OPTIMIZATION_LEVEL = "-Onone";
				VERSIONING_SYSTEM = "apple-generic";
				VERSION_INFO_PREFIX = "";
			};
			name = Debug;
		};
		E83262E927E88B6E005F3AAF /* Release */ = {
			isa = XCBuildConfiguration;
			buildSettings = {
				ALWAYS_SEARCH_USER_PATHS = NO;
				CLANG_ANALYZER_NONNULL = YES;
				CLANG_ANALYZER_NUMBER_OBJECT_CONVERSION = YES_AGGRESSIVE;
				CLANG_CXX_LANGUAGE_STANDARD = "gnu++17";
				CLANG_ENABLE_MODULES = YES;
				CLANG_ENABLE_OBJC_ARC = YES;
				CLANG_ENABLE_OBJC_WEAK = YES;
				CLANG_WARN_BLOCK_CAPTURE_AUTORELEASING = YES;
				CLANG_WARN_BOOL_CONVERSION = YES;
				CLANG_WARN_COMMA = YES;
				CLANG_WARN_CONSTANT_CONVERSION = YES;
				CLANG_WARN_DEPRECATED_OBJC_IMPLEMENTATIONS = YES;
				CLANG_WARN_DIRECT_OBJC_ISA_USAGE = YES_ERROR;
				CLANG_WARN_DOCUMENTATION_COMMENTS = YES;
				CLANG_WARN_EMPTY_BODY = YES;
				CLANG_WARN_ENUM_CONVERSION = YES;
				CLANG_WARN_INFINITE_RECURSION = YES;
				CLANG_WARN_INT_CONVERSION = YES;
				CLANG_WARN_NON_LITERAL_NULL_CONVERSION = YES;
				CLANG_WARN_OBJC_IMPLICIT_RETAIN_SELF = YES;
				CLANG_WARN_OBJC_LITERAL_CONVERSION = YES;
				CLANG_WARN_OBJC_ROOT_CLASS = YES_ERROR;
				CLANG_WARN_QUOTED_INCLUDE_IN_FRAMEWORK_HEADER = YES;
				CLANG_WARN_RANGE_LOOP_ANALYSIS = YES;
				CLANG_WARN_STRICT_PROTOTYPES = YES;
				CLANG_WARN_SUSPICIOUS_MOVE = YES;
				CLANG_WARN_UNGUARDED_AVAILABILITY = YES_AGGRESSIVE;
				CLANG_WARN_UNREACHABLE_CODE = YES;
				CLANG_WARN__DUPLICATE_METHOD_MATCH = YES;
				COPY_PHASE_STRIP = NO;
				CURRENT_PROJECT_VERSION = 1;
				DEBUG_INFORMATION_FORMAT = "dwarf-with-dsym";
				ENABLE_NS_ASSERTIONS = NO;
				ENABLE_STRICT_OBJC_MSGSEND = YES;
				GCC_C_LANGUAGE_STANDARD = gnu11;
				GCC_NO_COMMON_BLOCKS = YES;
				GCC_WARN_64_TO_32_BIT_CONVERSION = YES;
				GCC_WARN_ABOUT_RETURN_TYPE = YES_ERROR;
				GCC_WARN_UNDECLARED_SELECTOR = YES;
				GCC_WARN_UNINITIALIZED_AUTOS = YES_AGGRESSIVE;
				GCC_WARN_UNUSED_FUNCTION = YES;
				GCC_WARN_UNUSED_VARIABLE = YES;
				IPHONEOS_DEPLOYMENT_TARGET = 13.0;
				MTL_ENABLE_DEBUG_INFO = NO;
				MTL_FAST_MATH = YES;
				SDKROOT = iphoneos;
				SWIFT_COMPILATION_MODE = wholemodule;
				SWIFT_OPTIMIZATION_LEVEL = "-O";
				VALIDATE_PRODUCT = YES;
				VERSIONING_SYSTEM = "apple-generic";
				VERSION_INFO_PREFIX = "";
			};
			name = Release;
		};
		E83262EB27E88B6E005F3AAF /* Debug */ = {
			isa = XCBuildConfiguration;
			baseConfigurationReference = 4AA042CE7F6CE843C5D822BB /* Pods-TapCardCheckOutKit.debug.xcconfig */;
			buildSettings = {
				CODE_SIGN_STYLE = Automatic;
				CURRENT_PROJECT_VERSION = 1;
				DEFINES_MODULE = YES;
				DEVELOPMENT_TEAM = G46S76PUH4;
				DYLIB_COMPATIBILITY_VERSION = 1;
				DYLIB_CURRENT_VERSION = 1;
				DYLIB_INSTALL_NAME_BASE = "@rpath";
				GENERATE_INFOPLIST_FILE = YES;
				INFOPLIST_KEY_NSHumanReadableCopyright = "";
				INSTALL_PATH = "$(LOCAL_LIBRARY_DIR)/Frameworks";
				IPHONEOS_DEPLOYMENT_TARGET = 13.0;
				LD_RUNPATH_SEARCH_PATHS = (
					"$(inherited)",
					"@executable_path/Frameworks",
					"@loader_path/Frameworks",
				);
				MARKETING_VERSION = 1.0;
				PRODUCT_BUNDLE_IDENTIFIER = tap.TapCardCheckOutKit;
				PRODUCT_NAME = "$(TARGET_NAME:c99extidentifier)";
				SKIP_INSTALL = YES;
				SUPPORTS_MACCATALYST = NO;
				SWIFT_EMIT_LOC_STRINGS = YES;
				SWIFT_VERSION = 5.0;
				TARGETED_DEVICE_FAMILY = 1;
			};
			name = Debug;
		};
		E83262EC27E88B6E005F3AAF /* Release */ = {
			isa = XCBuildConfiguration;
			baseConfigurationReference = 69D577F56116879A8D8D1BE9 /* Pods-TapCardCheckOutKit.release.xcconfig */;
			buildSettings = {
				CODE_SIGN_STYLE = Automatic;
				CURRENT_PROJECT_VERSION = 1;
				DEFINES_MODULE = YES;
				DEVELOPMENT_TEAM = G46S76PUH4;
				DYLIB_COMPATIBILITY_VERSION = 1;
				DYLIB_CURRENT_VERSION = 1;
				DYLIB_INSTALL_NAME_BASE = "@rpath";
				GENERATE_INFOPLIST_FILE = YES;
				INFOPLIST_KEY_NSHumanReadableCopyright = "";
				INSTALL_PATH = "$(LOCAL_LIBRARY_DIR)/Frameworks";
				IPHONEOS_DEPLOYMENT_TARGET = 13.0;
				LD_RUNPATH_SEARCH_PATHS = (
					"$(inherited)",
					"@executable_path/Frameworks",
					"@loader_path/Frameworks",
				);
				MARKETING_VERSION = 1.0;
				PRODUCT_BUNDLE_IDENTIFIER = tap.TapCardCheckOutKit;
				PRODUCT_NAME = "$(TARGET_NAME:c99extidentifier)";
				SKIP_INSTALL = YES;
				SUPPORTS_MACCATALYST = NO;
				SWIFT_EMIT_LOC_STRINGS = YES;
				SWIFT_VERSION = 5.0;
				TARGETED_DEVICE_FAMILY = 1;
			};
			name = Release;
		};
		E832630727E88C71005F3AAF /* Debug */ = {
			isa = XCBuildConfiguration;
			baseConfigurationReference = 7DC6A926CF6319E834F34AC8 /* Pods-TapCardCheckoutExample.debug.xcconfig */;
			buildSettings = {
				ALWAYS_EMBED_SWIFT_STANDARD_LIBRARIES = YES;
				ASSETCATALOG_COMPILER_APPICON_NAME = AppIcon;
				ASSETCATALOG_COMPILER_GLOBAL_ACCENT_COLOR_NAME = AccentColor;
				CODE_SIGN_IDENTITY = "Apple Development";
				CODE_SIGN_STYLE = Automatic;
				CURRENT_PROJECT_VERSION = 30;
				DEVELOPMENT_TEAM = G46S76PUH4;
				GENERATE_INFOPLIST_FILE = YES;
				INFOPLIST_FILE = TapCardCheckoutExample/Info.plist;
				INFOPLIST_KEY_NSCameraUsageDescription = "We need it to scan a card :)";
				INFOPLIST_KEY_UIApplicationSupportsIndirectInputEvents = YES;
				INFOPLIST_KEY_UILaunchStoryboardName = LaunchScreen;
				INFOPLIST_KEY_UIMainStoryboardFile = Main;
				INFOPLIST_KEY_UISupportedInterfaceOrientations = UIInterfaceOrientationPortrait;
				INFOPLIST_KEY_UISupportedInterfaceOrientations_iPad = "UIInterfaceOrientationPortrait UIInterfaceOrientationPortraitUpsideDown";
				INFOPLIST_KEY_UISupportedInterfaceOrientations_iPhone = UIInterfaceOrientationPortrait;
				IPHONEOS_DEPLOYMENT_TARGET = 13.0;
				LD_RUNPATH_SEARCH_PATHS = (
					"$(inherited)",
					"@executable_path/Frameworks",
				);
				MARKETING_VERSION = 1.0;
				PRODUCT_BUNDLE_IDENTIFIER = tap.TapCardCheckoutExample;
				PRODUCT_NAME = "$(TARGET_NAME)";
				PROVISIONING_PROFILE_SPECIFIER = "";
				SWIFT_EMIT_LOC_STRINGS = YES;
				SWIFT_VERSION = 5.0;
				TARGETED_DEVICE_FAMILY = 1;
			};
			name = Debug;
		};
		E832630827E88C71005F3AAF /* Release */ = {
			isa = XCBuildConfiguration;
			baseConfigurationReference = D2067D162FDFC067773A11B1 /* Pods-TapCardCheckoutExample.release.xcconfig */;
			buildSettings = {
				ALWAYS_EMBED_SWIFT_STANDARD_LIBRARIES = YES;
				ASSETCATALOG_COMPILER_APPICON_NAME = AppIcon;
				ASSETCATALOG_COMPILER_GLOBAL_ACCENT_COLOR_NAME = AccentColor;
				CODE_SIGN_IDENTITY = "Apple Development";
				CODE_SIGN_STYLE = Automatic;
				CURRENT_PROJECT_VERSION = 30;
				DEVELOPMENT_TEAM = G46S76PUH4;
				GENERATE_INFOPLIST_FILE = YES;
				INFOPLIST_FILE = TapCardCheckoutExample/Info.plist;
				INFOPLIST_KEY_NSCameraUsageDescription = "We need it to scan a card :)";
				INFOPLIST_KEY_UIApplicationSupportsIndirectInputEvents = YES;
				INFOPLIST_KEY_UILaunchStoryboardName = LaunchScreen;
				INFOPLIST_KEY_UIMainStoryboardFile = Main;
				INFOPLIST_KEY_UISupportedInterfaceOrientations = UIInterfaceOrientationPortrait;
				INFOPLIST_KEY_UISupportedInterfaceOrientations_iPad = "UIInterfaceOrientationPortrait UIInterfaceOrientationPortraitUpsideDown";
				INFOPLIST_KEY_UISupportedInterfaceOrientations_iPhone = UIInterfaceOrientationPortrait;
				IPHONEOS_DEPLOYMENT_TARGET = 13.0;
				LD_RUNPATH_SEARCH_PATHS = (
					"$(inherited)",
					"@executable_path/Frameworks",
				);
				MARKETING_VERSION = 1.0;
				PRODUCT_BUNDLE_IDENTIFIER = tap.TapCardCheckoutExample;
				PRODUCT_NAME = "$(TARGET_NAME)";
				PROVISIONING_PROFILE_SPECIFIER = "";
				SWIFT_EMIT_LOC_STRINGS = YES;
				SWIFT_VERSION = 5.0;
				TARGETED_DEVICE_FAMILY = 1;
			};
			name = Release;
		};
		E8A5AF8728BCC15B00620427 /* Debug */ = {
			isa = XCBuildConfiguration;
			baseConfigurationReference = 5618EC97EA446F613F27137D /* Pods-TapCardCheckoutExampleObjc.debug.xcconfig */;
			buildSettings = {
				ALWAYS_EMBED_SWIFT_STANDARD_LIBRARIES = YES;
				ASSETCATALOG_COMPILER_APPICON_NAME = AppIcon;
				ASSETCATALOG_COMPILER_GLOBAL_ACCENT_COLOR_NAME = AccentColor;
				CODE_SIGN_STYLE = Automatic;
				CURRENT_PROJECT_VERSION = 1;
				DEVELOPMENT_TEAM = G46S76PUH4;
				GENERATE_INFOPLIST_FILE = YES;
				INFOPLIST_FILE = TapCardCheckoutExampleObjc/Info.plist;
				INFOPLIST_KEY_UIApplicationSupportsIndirectInputEvents = YES;
				INFOPLIST_KEY_UILaunchStoryboardName = LaunchScreen;
				INFOPLIST_KEY_UIMainStoryboardFile = Main;
				INFOPLIST_KEY_UISupportedInterfaceOrientations_iPad = "UIInterfaceOrientationPortrait UIInterfaceOrientationPortraitUpsideDown UIInterfaceOrientationLandscapeLeft UIInterfaceOrientationLandscapeRight";
				INFOPLIST_KEY_UISupportedInterfaceOrientations_iPhone = "UIInterfaceOrientationPortrait UIInterfaceOrientationLandscapeLeft UIInterfaceOrientationLandscapeRight";
				IPHONEOS_DEPLOYMENT_TARGET = 13.0;
				LD_RUNPATH_SEARCH_PATHS = (
					"$(inherited)",
					"@executable_path/Frameworks",
				);
				MARKETING_VERSION = 1.0;
				PRODUCT_BUNDLE_IDENTIFIER = tap.company.TapCardCheckoutExampleObjc;
				PRODUCT_NAME = "$(TARGET_NAME)";
				SWIFT_EMIT_LOC_STRINGS = YES;
				TARGETED_DEVICE_FAMILY = "1,2";
			};
			name = Debug;
		};
		E8A5AF8828BCC15B00620427 /* Release */ = {
			isa = XCBuildConfiguration;
			baseConfigurationReference = 948F72CB1B0B868F900D896E /* Pods-TapCardCheckoutExampleObjc.release.xcconfig */;
			buildSettings = {
				ALWAYS_EMBED_SWIFT_STANDARD_LIBRARIES = YES;
				ASSETCATALOG_COMPILER_APPICON_NAME = AppIcon;
				ASSETCATALOG_COMPILER_GLOBAL_ACCENT_COLOR_NAME = AccentColor;
				CODE_SIGN_STYLE = Automatic;
				CURRENT_PROJECT_VERSION = 1;
				DEVELOPMENT_TEAM = G46S76PUH4;
				GENERATE_INFOPLIST_FILE = YES;
				INFOPLIST_FILE = TapCardCheckoutExampleObjc/Info.plist;
				INFOPLIST_KEY_UIApplicationSupportsIndirectInputEvents = YES;
				INFOPLIST_KEY_UILaunchStoryboardName = LaunchScreen;
				INFOPLIST_KEY_UIMainStoryboardFile = Main;
				INFOPLIST_KEY_UISupportedInterfaceOrientations_iPad = "UIInterfaceOrientationPortrait UIInterfaceOrientationPortraitUpsideDown UIInterfaceOrientationLandscapeLeft UIInterfaceOrientationLandscapeRight";
				INFOPLIST_KEY_UISupportedInterfaceOrientations_iPhone = "UIInterfaceOrientationPortrait UIInterfaceOrientationLandscapeLeft UIInterfaceOrientationLandscapeRight";
				IPHONEOS_DEPLOYMENT_TARGET = 13.0;
				LD_RUNPATH_SEARCH_PATHS = (
					"$(inherited)",
					"@executable_path/Frameworks",
				);
				MARKETING_VERSION = 1.0;
				PRODUCT_BUNDLE_IDENTIFIER = tap.company.TapCardCheckoutExampleObjc;
				PRODUCT_NAME = "$(TARGET_NAME)";
				SWIFT_EMIT_LOC_STRINGS = YES;
				TARGETED_DEVICE_FAMILY = "1,2";
			};
			name = Release;
		};
/* End XCBuildConfiguration section */

/* Begin XCConfigurationList section */
		E83262DB27E88B6E005F3AAF /* Build configuration list for PBXProject "TapCardCheckOutKit" */ = {
			isa = XCConfigurationList;
			buildConfigurations = (
				E83262E827E88B6E005F3AAF /* Debug */,
				E83262E927E88B6E005F3AAF /* Release */,
			);
			defaultConfigurationIsVisible = 0;
			defaultConfigurationName = Release;
		};
		E83262EA27E88B6E005F3AAF /* Build configuration list for PBXNativeTarget "TapCardCheckOutKit" */ = {
			isa = XCConfigurationList;
			buildConfigurations = (
				E83262EB27E88B6E005F3AAF /* Debug */,
				E83262EC27E88B6E005F3AAF /* Release */,
			);
			defaultConfigurationIsVisible = 0;
			defaultConfigurationName = Release;
		};
		E832630627E88C71005F3AAF /* Build configuration list for PBXNativeTarget "TapCardCheckoutExample" */ = {
			isa = XCConfigurationList;
			buildConfigurations = (
				E832630727E88C71005F3AAF /* Debug */,
				E832630827E88C71005F3AAF /* Release */,
			);
			defaultConfigurationIsVisible = 0;
			defaultConfigurationName = Release;
		};
		E8A5AF8928BCC15B00620427 /* Build configuration list for PBXNativeTarget "TapCardCheckoutExampleObjc" */ = {
			isa = XCConfigurationList;
			buildConfigurations = (
				E8A5AF8728BCC15B00620427 /* Debug */,
				E8A5AF8828BCC15B00620427 /* Release */,
			);
			defaultConfigurationIsVisible = 0;
			defaultConfigurationName = Release;
		};
/* End XCConfigurationList section */
	};
	rootObject = E83262D827E88B6E005F3AAF /* Project object */;
}
