PODS:
  - lottie-ios (4.2.0)
  - SharedDataModels-iOS (0.0.7)
  - SnapKit (5.6.0)
  - SwiftEntryKit (2.0.0)
  - SwiftyRSA (1.7.0):
    - SwiftyRSA/ObjC (= 1.7.0)
  - SwiftyRSA/ObjC (1.7.0)
  - TapCardScannerWebWrapper-iOS (0.0.1):
    - SharedDataModels-iOS
    - TapCardVlidatorKit-iOS
  - TapCardVlidatorKit-iOS (1.0.24)

DEPENDENCIES:
  - lottie-ios
  - SharedDataModels-iOS
  - SnapKit
  - SwiftEntryKit
  - SwiftyRSA
  - TapCardScannerWebWrapper-iOS

SPEC REPOS:
  trunk:
    - lottie-ios
    - SharedDataModels-iOS
    - SnapKit
    - SwiftEntryKit
    - SwiftyRSA
    - TapCardScannerWebWrapper-iOS
    - TapCardVlidatorKit-iOS

SPEC CHECKSUMS:
  lottie-ios: 809ecf2d460ed650a6aed7aa88b2ec45fab4779c
  SharedDataModels-iOS: b5b6363f5c493ffc4f8128c4148067cfbc52a281
  SnapKit: e01d52ebb8ddbc333eefe2132acf85c8227d9c25
  SwiftEntryKit: 61b5fa36f34a97dd8013e48a7345bc4c4720be9a
  SwiftyRSA: 8c6dd1ea7db1b8dc4fb517a202f88bb1354bc2c6
  TapCardScannerWebWrapper-iOS: 8050e67e34597e535dfa15f4c472cce43adc8eee
  TapCardVlidatorKit-iOS: 05d3e644dddd6aa52dd95cc85a2c41f7ce0ba2f9

PODFILE CHECKSUM: 2e1671fec8aaddf554b6904d8adcf8ed3c588808

COCOAPODS: 1.12.1
