// !$*UTF8*$!
{
	archiveVersion = 1;
	classes = {
	};
	objectVersion = 55;
	objects = {

/* Begin PBXBuildFile section */
		4630C9E98983B0A1A514926A /* Pods_TapCardCheckOutKit.framework in Frameworks */ = {isa = PBXBuildFile; fileRef = 95BD0FD8D531C7E28085527C /* Pods_TapCardCheckOutKit.framework */; };
		BBADB5ABAA6C652F7D3A3BCB /* Pods_TapCardCheckoutExample.framework in Frameworks */ = {isa = PBXBuildFile; fileRef = 93326734CE10E55531CF012C /* Pods_TapCardCheckoutExample.framework */; };
		E83262E627E88B6E005F3AAF /* TapCardCheckOutKit.docc in Sources */ = {isa = PBXBuildFile; fileRef = E83262E527E88B6E005F3AAF /* TapCardCheckOutKit.docc */; };
		E83262E727E88B6E005F3AAF /* TapCardCheckOutKit.h in Headers */ = {isa = PBXBuildFile; fileRef = E83262E427E88B6E005F3AAF /* TapCardCheckOutKit.h */; settings = {ATTRIBUTES = (Public, ); }; };
		E83262F827E88C6F005F3AAF /* AppDelegate.swift in Sources */ = {isa = PBXBuildFile; fileRef = E83262F727E88C6F005F3AAF /* AppDelegate.swift */; };
		E83262FA27E88C6F005F3AAF /* SceneDelegate.swift in Sources */ = {isa = PBXBuildFile; fileRef = E83262F927E88C6F005F3AAF /* SceneDelegate.swift */; };
		E83262FC27E88C6F005F3AAF /* ViewController.swift in Sources */ = {isa = PBXBuildFile; fileRef = E83262FB27E88C6F005F3AAF /* ViewController.swift */; };
		E83262FF27E88C6F005F3AAF /* Main.storyboard in Resources */ = {isa = PBXBuildFile; fileRef = E83262FD27E88C6F005F3AAF /* Main.storyboard */; };
		E832630127E88C71005F3AAF /* Assets.xcassets in Resources */ = {isa = PBXBuildFile; fileRef = E832630027E88C71005F3AAF /* Assets.xcassets */; };
		E832630427E88C71005F3AAF /* LaunchScreen.storyboard in Resources */ = {isa = PBXBuildFile; fileRef = E832630227E88C71005F3AAF /* LaunchScreen.storyboard */; };
		E832630A27E88C91005F3AAF /* TapCardCheckOutKit.framework in Frameworks */ = {isa = PBXBuildFile; fileRef = E83262E127E88B6E005F3AAF /* TapCardCheckOutKit.framework */; platformFilter = ios; };
		E832630B27E88C91005F3AAF /* TapCardCheckOutKit.framework in Embed Frameworks */ = {isa = PBXBuildFile; fileRef = E83262E127E88B6E005F3AAF /* TapCardCheckOutKit.framework */; settings = {ATTRIBUTES = (CodeSignOnCopy, RemoveHeadersOnCopy, ); }; };
		E832631027E89420005F3AAF /* TapCardInputView.xib in Resources */ = {isa = PBXBuildFile; fileRef = E832630F27E89420005F3AAF /* TapCardInputView.xib */; };
		E832631227E89435005F3AAF /* TapCardInputView.swift in Sources */ = {isa = PBXBuildFile; fileRef = E832631127E89435005F3AAF /* TapCardInputView.swift */; };
		E832631427E8950D005F3AAF /* CardInputExtensions.swift in Sources */ = {isa = PBXBuildFile; fileRef = E832631327E8950D005F3AAF /* CardInputExtensions.swift */; };
		E832631627E8993C005F3AAF /* Theme.json in Resources */ = {isa = PBXBuildFile; fileRef = E832631527E8993C005F3AAF /* Theme.json */; };
		E832640627E9DB05005F3AAF /* NetworkManager.swift in Sources */ = {isa = PBXBuildFile; fileRef = E832640527E9DB05005F3AAF /* NetworkManager.swift */; };
		E832640827E9DBE0005F3AAF /* NetworkManagerExtension.swift in Sources */ = {isa = PBXBuildFile; fileRef = E832640727E9DBE0005F3AAF /* NetworkManagerExtension.swift */; };
		E832640D27E9DC06005F3AAF /* ErrorUtils.swift in Sources */ = {isa = PBXBuildFile; fileRef = E832640927E9DC06005F3AAF /* ErrorUtils.swift */; };
		E832640E27E9DC06005F3AAF /* Crypter.swift in Sources */ = {isa = PBXBuildFile; fileRef = E832640A27E9DC06005F3AAF /* Crypter.swift */; };
		E832640F27E9DC06005F3AAF /* KeychainManager.swift in Sources */ = {isa = PBXBuildFile; fileRef = E832640B27E9DC06005F3AAF /* KeychainManager.swift */; };
		E832641027E9DC07005F3AAF /* RSAUtils.swift in Sources */ = {isa = PBXBuildFile; fileRef = E832640C27E9DC06005F3AAF /* RSAUtils.swift */; };
		E832641327E9DD31005F3AAF /* SDKMode.swift in Sources */ = {isa = PBXBuildFile; fileRef = E832641227E9DD31005F3AAF /* SDKMode.swift */; };
		E832641527E9DD72005F3AAF /* TapNetworkPath.swift in Sources */ = {isa = PBXBuildFile; fileRef = E832641427E9DD72005F3AAF /* TapNetworkPath.swift */; };
		E832641927E9DE35005F3AAF /* SecretKey.swift in Sources */ = {isa = PBXBuildFile; fileRef = E832641827E9DE35005F3AAF /* SecretKey.swift */; };
		E832641B27E9DEFF005F3AAF /* ApiErrorModel.swift in Sources */ = {isa = PBXBuildFile; fileRef = E832641A27E9DEFF005F3AAF /* ApiErrorModel.swift */; };
		E832642027E9DF96005F3AAF /* SDKSettings.swift in Sources */ = {isa = PBXBuildFile; fileRef = E832641F27E9DF96005F3AAF /* SDKSettings.swift */; };
		E832642427E9DFB4005F3AAF /* Permissions.swift in Sources */ = {isa = PBXBuildFile; fileRef = E832642127E9DFB3005F3AAF /* Permissions.swift */; };
		E832642527E9DFB4005F3AAF /* Merchant.swift in Sources */ = {isa = PBXBuildFile; fileRef = E832642227E9DFB3005F3AAF /* Merchant.swift */; };
		E832642627E9DFB4005F3AAF /* InternalSDKSettings.swift in Sources */ = {isa = PBXBuildFile; fileRef = E832642327E9DFB3005F3AAF /* InternalSDKSettings.swift */; };
		E832642A27E9E079005F3AAF /* TapCreateTokenRequest.swift in Sources */ = {isa = PBXBuildFile; fileRef = E832642827E9E079005F3AAF /* TapCreateTokenRequest.swift */; };
		E832642B27E9E079005F3AAF /* TapCreateTokenWithCardDataRequest.swift in Sources */ = {isa = PBXBuildFile; fileRef = E832642927E9E079005F3AAF /* TapCreateTokenWithCardDataRequest.swift */; };
		E832642D27E9E0AC005F3AAF /* CreateTokenCard.swift in Sources */ = {isa = PBXBuildFile; fileRef = E832642C27E9E0AC005F3AAF /* CreateTokenCard.swift */; };
		E832643027E9E0D6005F3AAF /* Country.swift in Sources */ = {isa = PBXBuildFile; fileRef = E832642E27E9E0D6005F3AAF /* Country.swift */; };
		E832643127E9E0D6005F3AAF /* Address.swift in Sources */ = {isa = PBXBuildFile; fileRef = E832642F27E9E0D6005F3AAF /* Address.swift */; };
		E832643327E9E14D005F3AAF /* AddressType.swift in Sources */ = {isa = PBXBuildFile; fileRef = E832643227E9E14D005F3AAF /* AddressType.swift */; };
		E832643527E9E162005F3AAF /* AddressFormat.swift in Sources */ = {isa = PBXBuildFile; fileRef = E832643427E9E162005F3AAF /* AddressFormat.swift */; };
		E832643727E9E193005F3AAF /* NetworkManagerApiCallsExtension.swift in Sources */ = {isa = PBXBuildFile; fileRef = E832643627E9E193005F3AAF /* NetworkManagerApiCallsExtension.swift */; };
		E832643A27E9E1EE005F3AAF /* Token.swift in Sources */ = {isa = PBXBuildFile; fileRef = E832643827E9E1EE005F3AAF /* Token.swift */; };
		E832643B27E9E1EE005F3AAF /* TokenizedCard.swift in Sources */ = {isa = PBXBuildFile; fileRef = E832643927E9E1EE005F3AAF /* TokenizedCard.swift */; };
		E832643D27E9E20A005F3AAF /* TokenType.swift in Sources */ = {isa = PBXBuildFile; fileRef = E832643C27E9E20A005F3AAF /* TokenType.swift */; };
		E832643F27E9EBBC005F3AAF /* TapCardDataConfiguration.swift in Sources */ = {isa = PBXBuildFile; fileRef = E832643E27E9EBBC005F3AAF /* TapCardDataConfiguration.swift */; };
		E832644327EA04A8005F3AAF /* CustomLightTheme.json in Resources */ = {isa = PBXBuildFile; fileRef = E832644227EA04A8005F3AAF /* CustomLightTheme.json */; };
		E832644527EA04C5005F3AAF /* CustomDarkTheme.json in Resources */ = {isa = PBXBuildFile; fileRef = E832644427EA04C5005F3AAF /* CustomDarkTheme.json */; };
		E832644727EA09BD005F3AAF /* TapCardForumTheme.swift in Sources */ = {isa = PBXBuildFile; fileRef = E832644627EA09BD005F3AAF /* TapCardForumTheme.swift */; };
		E832644927EA0EE8005F3AAF /* TapCardForumLocalisation.swift in Sources */ = {isa = PBXBuildFile; fileRef = E832644827EA0EE8005F3AAF /* TapCardForumLocalisation.swift */; };
		E832644D27EA10FD005F3AAF /* CustomLocalisation.json in Resources */ = {isa = PBXBuildFile; fileRef = E832644C27EA10FD005F3AAF /* CustomLocalisation.json */; };
		E832644F27EA20F3005F3AAF /* TapCardForumConfiguration.swift in Sources */ = {isa = PBXBuildFile; fileRef = E832644E27EA20F3005F3AAF /* TapCardForumConfiguration.swift */; };
		E83FD08D28896FFD00057F22 /* TapConfigRequestModel.swift in Sources */ = {isa = PBXBuildFile; fileRef = E83FD08B28896FFD00057F22 /* TapConfigRequestModel.swift */; };
		E83FD08E28896FFD00057F22 /* TapConfigResponseModel.swift in Sources */ = {isa = PBXBuildFile; fileRef = E83FD08C28896FFD00057F22 /* TapConfigResponseModel.swift */; };
		E83FD0902889713500057F22 /* Gateway.swift in Sources */ = {isa = PBXBuildFile; fileRef = E83FD08F2889713500057F22 /* Gateway.swift */; };
		E83FD0922889714500057F22 /* Config.swift in Sources */ = {isa = PBXBuildFile; fileRef = E83FD0912889714500057F22 /* Config.swift */; };
		E83FD09628897C2F00057F22 /* TapPaymentOptionsReponseModel.swift in Sources */ = {isa = PBXBuildFile; fileRef = E83FD09528897C2F00057F22 /* TapPaymentOptionsReponseModel.swift */; };
		E83FD09828897C6900057F22 /* TapPaymentOption.swift in Sources */ = {isa = PBXBuildFile; fileRef = E83FD09728897C6800057F22 /* TapPaymentOption.swift */; };
		E83FD09B2889E77000057F22 /* TapBinResponseModel.swift in Sources */ = {isa = PBXBuildFile; fileRef = E83FD09A2889E77000057F22 /* TapBinResponseModel.swift */; };
		E83FD09D2889E7AB00057F22 /* CardScheme.swift in Sources */ = {isa = PBXBuildFile; fileRef = E83FD09C2889E7AB00057F22 /* CardScheme.swift */; };
		E83FD0DA288D590800057F22 /* amazon.jpeg in Resources */ = {isa = PBXBuildFile; fileRef = E83FD0D9288D590800057F22 /* amazon.jpeg */; };
		E83FD0DC288D629D00057F22 /* CardKitErrorType.swift in Sources */ = {isa = PBXBuildFile; fileRef = E83FD0DB288D629D00057F22 /* CardKitErrorType.swift */; };
		E8503AA72896512200D1B8B0 /* GoogleService-Info.plist in Resources */ = {isa = PBXBuildFile; fileRef = E8503AA62896512200D1B8B0 /* GoogleService-Info.plist */; };
		E874F804288585B70067DB3E /* DempSettingsViewController.swift in Sources */ = {isa = PBXBuildFile; fileRef = E874F803288585B70067DB3E /* DempSettingsViewController.swift */; };
		E874F806288586C50067DB3E /* ConfigurationSharedManager.swift in Sources */ = {isa = PBXBuildFile; fileRef = E874F805288586C50067DB3E /* ConfigurationSharedManager.swift */; };
		E89B994F2892628900B03726 /* TapCreateCardVerificationRequestModel.swift in Sources */ = {isa = PBXBuildFile; fileRef = E89B994C2892628900B03726 /* TapCreateCardVerificationRequestModel.swift */; };
		E89B99502892628900B03726 /* TapAuthenticationRequest.swift in Sources */ = {isa = PBXBuildFile; fileRef = E89B994D2892628900B03726 /* TapAuthenticationRequest.swift */; };
		E89B99512892628900B03726 /* TapCreateCardVerificationResponseModel.swift in Sources */ = {isa = PBXBuildFile; fileRef = E89B994E2892628900B03726 /* TapCreateCardVerificationResponseModel.swift */; };
		E89B9955289262CA00B03726 /* TrackingURL.swift in Sources */ = {isa = PBXBuildFile; fileRef = E89B9952289262CA00B03726 /* TrackingURL.swift */; };
		E89B9956289262CA00B03726 /* TapCustomer.swift in Sources */ = {isa = PBXBuildFile; fileRef = E89B9953289262CA00B03726 /* TapCustomer.swift */; };
		E89B9957289262CA00B03726 /* SourceRequest.swift in Sources */ = {isa = PBXBuildFile; fileRef = E89B9954289262CA00B03726 /* SourceRequest.swift */; };
		E89B9959289262FC00B03726 /* URLStatus.swift in Sources */ = {isa = PBXBuildFile; fileRef = E89B9958289262FC00B03726 /* URLStatus.swift */; };
		E89B995D2892631500B03726 /* AuthenticationRequirer.swift in Sources */ = {isa = PBXBuildFile; fileRef = E89B995A2892631400B03726 /* AuthenticationRequirer.swift */; };
		E89B995E2892631500B03726 /* AuthenticationStatus.swift in Sources */ = {isa = PBXBuildFile; fileRef = E89B995B2892631500B03726 /* AuthenticationStatus.swift */; };
		E89B995F2892631500B03726 /* AuthenticationType.swift in Sources */ = {isa = PBXBuildFile; fileRef = E89B995C2892631500B03726 /* AuthenticationType.swift */; };
		E89B99612892633800B03726 /* CardVerificationStatus.swift in Sources */ = {isa = PBXBuildFile; fileRef = E89B99602892633800B03726 /* CardVerificationStatus.swift */; };
		E89B99672892635200B03726 /* TransactionExpiry.swift in Sources */ = {isa = PBXBuildFile; fileRef = E89B99622892635200B03726 /* TransactionExpiry.swift */; };
		E89B99682892635200B03726 /* TransactionOrder.swift in Sources */ = {isa = PBXBuildFile; fileRef = E89B99632892635200B03726 /* TransactionOrder.swift */; };
		E89B99692892635200B03726 /* Source.swift in Sources */ = {isa = PBXBuildFile; fileRef = E89B99642892635200B03726 /* Source.swift */; };
		E89B996A2892635200B03726 /* TransactionDetails.swift in Sources */ = {isa = PBXBuildFile; fileRef = E89B99652892635200B03726 /* TransactionDetails.swift */; };
		E89B996B2892635200B03726 /* SavedCard.swift in Sources */ = {isa = PBXBuildFile; fileRef = E89B99662892635200B03726 /* SavedCard.swift */; };
		E89B996D2892636C00B03726 /* ExpirationDate.swift in Sources */ = {isa = PBXBuildFile; fileRef = E89B996C2892636C00B03726 /* ExpirationDate.swift */; };
		E89B9971289263D500B03726 /* SourceObject.swift in Sources */ = {isa = PBXBuildFile; fileRef = E89B996E289263D400B03726 /* SourceObject.swift */; };
		E89B9972289263D500B03726 /* SourcePaymentType.swift in Sources */ = {isa = PBXBuildFile; fileRef = E89B996F289263D400B03726 /* SourcePaymentType.swift */; };
		E89B9973289263D500B03726 /* SourceType.swift in Sources */ = {isa = PBXBuildFile; fileRef = E89B9970289263D400B03726 /* SourceType.swift */; };
		E89B9975289263E800B03726 /* SourceChannel.swift in Sources */ = {isa = PBXBuildFile; fileRef = E89B9974289263E800B03726 /* SourceChannel.swift */; };
		E89B99772892818600B03726 /* TapCallsResponseGenerator.swift in Sources */ = {isa = PBXBuildFile; fileRef = E89B99762892818600B03726 /* TapCallsResponseGenerator.swift */; };
		E89B99792893A6E700B03726 /* NetworkManager+HandlingResponses.swift in Sources */ = {isa = PBXBuildFile; fileRef = E89B99782893A6E700B03726 /* NetworkManager+HandlingResponses.swift */; };
		E89B997B2893AD2300B03726 /* TapCheckout+WebPaymentHandler.swift in Sources */ = {isa = PBXBuildFile; fileRef = E89B997A2893AD2300B03726 /* TapCheckout+WebPaymentHandler.swift */; };
		E89B997E2893C76B00B03726 /* TapWebViewController.swift in Sources */ = {isa = PBXBuildFile; fileRef = E89B997C2893C76B00B03726 /* TapWebViewController.swift */; };
		E89B997F2893C76B00B03726 /* TapWebViewController.xib in Resources */ = {isa = PBXBuildFile; fileRef = E89B997D2893C76B00B03726 /* TapWebViewController.xib */; };
		E89B998128940B0900B03726 /* CreateCustomerViewController.swift in Sources */ = {isa = PBXBuildFile; fileRef = E89B998028940B0800B03726 /* CreateCustomerViewController.swift */; };
/* End PBXBuildFile section */

/* Begin PBXContainerItemProxy section */
		E832630C27E88C91005F3AAF /* PBXContainerItemProxy */ = {
			isa = PBXContainerItemProxy;
			containerPortal = E83262D827E88B6E005F3AAF /* Project object */;
			proxyType = 1;
			remoteGlobalIDString = E83262E027E88B6E005F3AAF;
			remoteInfo = TapCardCheckOutKit;
		};
/* End PBXContainerItemProxy section */

/* Begin PBXCopyFilesBuildPhase section */
		E832630E27E88C92005F3AAF /* Embed Frameworks */ = {
			isa = PBXCopyFilesBuildPhase;
			buildActionMask = 2147483647;
			dstPath = "";
			dstSubfolderSpec = 10;
			files = (
				E832630B27E88C91005F3AAF /* TapCardCheckOutKit.framework in Embed Frameworks */,
			);
			name = "Embed Frameworks";
			runOnlyForDeploymentPostprocessing = 0;
		};
/* End PBXCopyFilesBuildPhase section */

/* Begin PBXFileReference section */
		4AA042CE7F6CE843C5D822BB /* Pods-TapCardCheckOutKit.debug.xcconfig */ = {isa = PBXFileReference; includeInIndex = 1; lastKnownFileType = text.xcconfig; name = "Pods-TapCardCheckOutKit.debug.xcconfig"; path = "Target Support Files/Pods-TapCardCheckOutKit/Pods-TapCardCheckOutKit.debug.xcconfig"; sourceTree = "<group>"; };
		69D577F56116879A8D8D1BE9 /* Pods-TapCardCheckOutKit.release.xcconfig */ = {isa = PBXFileReference; includeInIndex = 1; lastKnownFileType = text.xcconfig; name = "Pods-TapCardCheckOutKit.release.xcconfig"; path = "Target Support Files/Pods-TapCardCheckOutKit/Pods-TapCardCheckOutKit.release.xcconfig"; sourceTree = "<group>"; };
		7DC6A926CF6319E834F34AC8 /* Pods-TapCardCheckoutExample.debug.xcconfig */ = {isa = PBXFileReference; includeInIndex = 1; lastKnownFileType = text.xcconfig; name = "Pods-TapCardCheckoutExample.debug.xcconfig"; path = "Target Support Files/Pods-TapCardCheckoutExample/Pods-TapCardCheckoutExample.debug.xcconfig"; sourceTree = "<group>"; };
		93326734CE10E55531CF012C /* Pods_TapCardCheckoutExample.framework */ = {isa = PBXFileReference; explicitFileType = wrapper.framework; includeInIndex = 0; path = Pods_TapCardCheckoutExample.framework; sourceTree = BUILT_PRODUCTS_DIR; };
		95BD0FD8D531C7E28085527C /* Pods_TapCardCheckOutKit.framework */ = {isa = PBXFileReference; explicitFileType = wrapper.framework; includeInIndex = 0; path = Pods_TapCardCheckOutKit.framework; sourceTree = BUILT_PRODUCTS_DIR; };
		D2067D162FDFC067773A11B1 /* Pods-TapCardCheckoutExample.release.xcconfig */ = {isa = PBXFileReference; includeInIndex = 1; lastKnownFileType = text.xcconfig; name = "Pods-TapCardCheckoutExample.release.xcconfig"; path = "Target Support Files/Pods-TapCardCheckoutExample/Pods-TapCardCheckoutExample.release.xcconfig"; sourceTree = "<group>"; };
		E83262E127E88B6E005F3AAF /* TapCardCheckOutKit.framework */ = {isa = PBXFileReference; explicitFileType = wrapper.framework; includeInIndex = 0; path = TapCardCheckOutKit.framework; sourceTree = BUILT_PRODUCTS_DIR; };
		E83262E427E88B6E005F3AAF /* TapCardCheckOutKit.h */ = {isa = PBXFileReference; lastKnownFileType = sourcecode.c.h; path = TapCardCheckOutKit.h; sourceTree = "<group>"; };
		E83262E527E88B6E005F3AAF /* TapCardCheckOutKit.docc */ = {isa = PBXFileReference; lastKnownFileType = folder.documentationcatalog; path = TapCardCheckOutKit.docc; sourceTree = "<group>"; };
		E83262F527E88C6F005F3AAF /* TapCardCheckoutExample.app */ = {isa = PBXFileReference; explicitFileType = wrapper.application; includeInIndex = 0; path = TapCardCheckoutExample.app; sourceTree = BUILT_PRODUCTS_DIR; };
		E83262F727E88C6F005F3AAF /* AppDelegate.swift */ = {isa = PBXFileReference; lastKnownFileType = sourcecode.swift; path = AppDelegate.swift; sourceTree = "<group>"; };
		E83262F927E88C6F005F3AAF /* SceneDelegate.swift */ = {isa = PBXFileReference; lastKnownFileType = sourcecode.swift; path = SceneDelegate.swift; sourceTree = "<group>"; };
		E83262FB27E88C6F005F3AAF /* ViewController.swift */ = {isa = PBXFileReference; lastKnownFileType = sourcecode.swift; path = ViewController.swift; sourceTree = "<group>"; };
		E83262FE27E88C6F005F3AAF /* Base */ = {isa = PBXFileReference; lastKnownFileType = file.storyboard; name = Base; path = Base.lproj/Main.storyboard; sourceTree = "<group>"; };
		E832630027E88C71005F3AAF /* Assets.xcassets */ = {isa = PBXFileReference; lastKnownFileType = folder.assetcatalog; path = Assets.xcassets; sourceTree = "<group>"; };
		E832630327E88C71005F3AAF /* Base */ = {isa = PBXFileReference; lastKnownFileType = file.storyboard; name = Base; path = Base.lproj/LaunchScreen.storyboard; sourceTree = "<group>"; };
		E832630527E88C71005F3AAF /* Info.plist */ = {isa = PBXFileReference; lastKnownFileType = text.plist.xml; path = Info.plist; sourceTree = "<group>"; };
		E832630F27E89420005F3AAF /* TapCardInputView.xib */ = {isa = PBXFileReference; lastKnownFileType = file.xib; path = TapCardInputView.xib; sourceTree = "<group>"; };
		E832631127E89435005F3AAF /* TapCardInputView.swift */ = {isa = PBXFileReference; lastKnownFileType = sourcecode.swift; path = TapCardInputView.swift; sourceTree = "<group>"; };
		E832631327E8950D005F3AAF /* CardInputExtensions.swift */ = {isa = PBXFileReference; lastKnownFileType = sourcecode.swift; path = CardInputExtensions.swift; sourceTree = "<group>"; };
		E832631527E8993C005F3AAF /* Theme.json */ = {isa = PBXFileReference; fileEncoding = 4; lastKnownFileType = text.json; path = Theme.json; sourceTree = "<group>"; };
		E832640527E9DB05005F3AAF /* NetworkManager.swift */ = {isa = PBXFileReference; fileEncoding = 4; lastKnownFileType = sourcecode.swift; path = NetworkManager.swift; sourceTree = "<group>"; };
		E832640727E9DBE0005F3AAF /* NetworkManagerExtension.swift */ = {isa = PBXFileReference; lastKnownFileType = sourcecode.swift; path = NetworkManagerExtension.swift; sourceTree = "<group>"; };
		E832640927E9DC06005F3AAF /* ErrorUtils.swift */ = {isa = PBXFileReference; fileEncoding = 4; lastKnownFileType = sourcecode.swift; path = ErrorUtils.swift; sourceTree = "<group>"; };
		E832640A27E9DC06005F3AAF /* Crypter.swift */ = {isa = PBXFileReference; fileEncoding = 4; lastKnownFileType = sourcecode.swift; path = Crypter.swift; sourceTree = "<group>"; };
		E832640B27E9DC06005F3AAF /* KeychainManager.swift */ = {isa = PBXFileReference; fileEncoding = 4; lastKnownFileType = sourcecode.swift; path = KeychainManager.swift; sourceTree = "<group>"; };
		E832640C27E9DC06005F3AAF /* RSAUtils.swift */ = {isa = PBXFileReference; fileEncoding = 4; lastKnownFileType = sourcecode.swift; path = RSAUtils.swift; sourceTree = "<group>"; };
		E832641227E9DD31005F3AAF /* SDKMode.swift */ = {isa = PBXFileReference; fileEncoding = 4; lastKnownFileType = sourcecode.swift; path = SDKMode.swift; sourceTree = "<group>"; };
		E832641427E9DD72005F3AAF /* TapNetworkPath.swift */ = {isa = PBXFileReference; fileEncoding = 4; lastKnownFileType = sourcecode.swift; path = TapNetworkPath.swift; sourceTree = "<group>"; };
		E832641827E9DE35005F3AAF /* SecretKey.swift */ = {isa = PBXFileReference; lastKnownFileType = sourcecode.swift; path = SecretKey.swift; sourceTree = "<group>"; };
		E832641A27E9DEFF005F3AAF /* ApiErrorModel.swift */ = {isa = PBXFileReference; fileEncoding = 4; lastKnownFileType = sourcecode.swift; path = ApiErrorModel.swift; sourceTree = "<group>"; };
		E832641F27E9DF96005F3AAF /* SDKSettings.swift */ = {isa = PBXFileReference; lastKnownFileType = sourcecode.swift; path = SDKSettings.swift; sourceTree = "<group>"; };
		E832642127E9DFB3005F3AAF /* Permissions.swift */ = {isa = PBXFileReference; fileEncoding = 4; lastKnownFileType = sourcecode.swift; path = Permissions.swift; sourceTree = "<group>"; };
		E832642227E9DFB3005F3AAF /* Merchant.swift */ = {isa = PBXFileReference; fileEncoding = 4; lastKnownFileType = sourcecode.swift; path = Merchant.swift; sourceTree = "<group>"; };
		E832642327E9DFB3005F3AAF /* InternalSDKSettings.swift */ = {isa = PBXFileReference; fileEncoding = 4; lastKnownFileType = sourcecode.swift; path = InternalSDKSettings.swift; sourceTree = "<group>"; };
		E832642827E9E079005F3AAF /* TapCreateTokenRequest.swift */ = {isa = PBXFileReference; fileEncoding = 4; lastKnownFileType = sourcecode.swift; path = TapCreateTokenRequest.swift; sourceTree = "<group>"; };
		E832642927E9E079005F3AAF /* TapCreateTokenWithCardDataRequest.swift */ = {isa = PBXFileReference; fileEncoding = 4; lastKnownFileType = sourcecode.swift; path = TapCreateTokenWithCardDataRequest.swift; sourceTree = "<group>"; };
		E832642C27E9E0AC005F3AAF /* CreateTokenCard.swift */ = {isa = PBXFileReference; fileEncoding = 4; lastKnownFileType = sourcecode.swift; path = CreateTokenCard.swift; sourceTree = "<group>"; };
		E832642E27E9E0D6005F3AAF /* Country.swift */ = {isa = PBXFileReference; fileEncoding = 4; lastKnownFileType = sourcecode.swift; path = Country.swift; sourceTree = "<group>"; };
		E832642F27E9E0D6005F3AAF /* Address.swift */ = {isa = PBXFileReference; fileEncoding = 4; lastKnownFileType = sourcecode.swift; path = Address.swift; sourceTree = "<group>"; };
		E832643227E9E14D005F3AAF /* AddressType.swift */ = {isa = PBXFileReference; fileEncoding = 4; lastKnownFileType = sourcecode.swift; path = AddressType.swift; sourceTree = "<group>"; };
		E832643427E9E162005F3AAF /* AddressFormat.swift */ = {isa = PBXFileReference; fileEncoding = 4; lastKnownFileType = sourcecode.swift; path = AddressFormat.swift; sourceTree = "<group>"; };
		E832643627E9E193005F3AAF /* NetworkManagerApiCallsExtension.swift */ = {isa = PBXFileReference; lastKnownFileType = sourcecode.swift; path = NetworkManagerApiCallsExtension.swift; sourceTree = "<group>"; };
		E832643827E9E1EE005F3AAF /* Token.swift */ = {isa = PBXFileReference; fileEncoding = 4; lastKnownFileType = sourcecode.swift; path = Token.swift; sourceTree = "<group>"; };
		E832643927E9E1EE005F3AAF /* TokenizedCard.swift */ = {isa = PBXFileReference; fileEncoding = 4; lastKnownFileType = sourcecode.swift; path = TokenizedCard.swift; sourceTree = "<group>"; };
		E832643C27E9E20A005F3AAF /* TokenType.swift */ = {isa = PBXFileReference; fileEncoding = 4; lastKnownFileType = sourcecode.swift; path = TokenType.swift; sourceTree = "<group>"; };
		E832643E27E9EBBC005F3AAF /* TapCardDataConfiguration.swift */ = {isa = PBXFileReference; lastKnownFileType = sourcecode.swift; path = TapCardDataConfiguration.swift; sourceTree = "<group>"; };
		E832644227EA04A8005F3AAF /* CustomLightTheme.json */ = {isa = PBXFileReference; lastKnownFileType = text.json; path = CustomLightTheme.json; sourceTree = "<group>"; };
		E832644427EA04C5005F3AAF /* CustomDarkTheme.json */ = {isa = PBXFileReference; lastKnownFileType = text.json; path = CustomDarkTheme.json; sourceTree = "<group>"; };
		E832644627EA09BD005F3AAF /* TapCardForumTheme.swift */ = {isa = PBXFileReference; lastKnownFileType = sourcecode.swift; path = TapCardForumTheme.swift; sourceTree = "<group>"; };
		E832644827EA0EE8005F3AAF /* TapCardForumLocalisation.swift */ = {isa = PBXFileReference; lastKnownFileType = sourcecode.swift; path = TapCardForumLocalisation.swift; sourceTree = "<group>"; };
		E832644C27EA10FD005F3AAF /* CustomLocalisation.json */ = {isa = PBXFileReference; lastKnownFileType = text.json; path = CustomLocalisation.json; sourceTree = "<group>"; };
		E832644E27EA20F3005F3AAF /* TapCardForumConfiguration.swift */ = {isa = PBXFileReference; lastKnownFileType = sourcecode.swift; path = TapCardForumConfiguration.swift; sourceTree = "<group>"; };
		E83FD08B28896FFD00057F22 /* TapConfigRequestModel.swift */ = {isa = PBXFileReference; fileEncoding = 4; lastKnownFileType = sourcecode.swift; path = TapConfigRequestModel.swift; sourceTree = "<group>"; };
		E83FD08C28896FFD00057F22 /* TapConfigResponseModel.swift */ = {isa = PBXFileReference; fileEncoding = 4; lastKnownFileType = sourcecode.swift; path = TapConfigResponseModel.swift; sourceTree = "<group>"; };
		E83FD08F2889713500057F22 /* Gateway.swift */ = {isa = PBXFileReference; fileEncoding = 4; lastKnownFileType = sourcecode.swift; path = Gateway.swift; sourceTree = "<group>"; };
		E83FD0912889714500057F22 /* Config.swift */ = {isa = PBXFileReference; fileEncoding = 4; lastKnownFileType = sourcecode.swift; path = Config.swift; sourceTree = "<group>"; };
		E83FD09528897C2F00057F22 /* TapPaymentOptionsReponseModel.swift */ = {isa = PBXFileReference; fileEncoding = 4; lastKnownFileType = sourcecode.swift; path = TapPaymentOptionsReponseModel.swift; sourceTree = "<group>"; };
		E83FD09728897C6800057F22 /* TapPaymentOption.swift */ = {isa = PBXFileReference; fileEncoding = 4; lastKnownFileType = sourcecode.swift; path = TapPaymentOption.swift; sourceTree = "<group>"; };
		E83FD09A2889E77000057F22 /* TapBinResponseModel.swift */ = {isa = PBXFileReference; fileEncoding = 4; lastKnownFileType = sourcecode.swift; path = TapBinResponseModel.swift; sourceTree = "<group>"; };
		E83FD09C2889E7AB00057F22 /* CardScheme.swift */ = {isa = PBXFileReference; fileEncoding = 4; lastKnownFileType = sourcecode.swift; path = CardScheme.swift; sourceTree = "<group>"; };
		E83FD0D9288D590800057F22 /* amazon.jpeg */ = {isa = PBXFileReference; lastKnownFileType = image.jpeg; path = amazon.jpeg; sourceTree = "<group>"; };
		E83FD0DB288D629D00057F22 /* CardKitErrorType.swift */ = {isa = PBXFileReference; lastKnownFileType = sourcecode.swift; path = CardKitErrorType.swift; sourceTree = "<group>"; };
		E8503AA62896512200D1B8B0 /* GoogleService-Info.plist */ = {isa = PBXFileReference; fileEncoding = 4; lastKnownFileType = text.plist.xml; path = "GoogleService-Info.plist"; sourceTree = "<group>"; };
		E874F803288585B70067DB3E /* DempSettingsViewController.swift */ = {isa = PBXFileReference; lastKnownFileType = sourcecode.swift; path = DempSettingsViewController.swift; sourceTree = "<group>"; };
		E874F805288586C50067DB3E /* ConfigurationSharedManager.swift */ = {isa = PBXFileReference; lastKnownFileType = sourcecode.swift; path = ConfigurationSharedManager.swift; sourceTree = "<group>"; };
		E89B994C2892628900B03726 /* TapCreateCardVerificationRequestModel.swift */ = {isa = PBXFileReference; fileEncoding = 4; lastKnownFileType = sourcecode.swift; path = TapCreateCardVerificationRequestModel.swift; sourceTree = "<group>"; };
		E89B994D2892628900B03726 /* TapAuthenticationRequest.swift */ = {isa = PBXFileReference; fileEncoding = 4; lastKnownFileType = sourcecode.swift; path = TapAuthenticationRequest.swift; sourceTree = "<group>"; };
		E89B994E2892628900B03726 /* TapCreateCardVerificationResponseModel.swift */ = {isa = PBXFileReference; fileEncoding = 4; lastKnownFileType = sourcecode.swift; path = TapCreateCardVerificationResponseModel.swift; sourceTree = "<group>"; };
		E89B9952289262CA00B03726 /* TrackingURL.swift */ = {isa = PBXFileReference; fileEncoding = 4; lastKnownFileType = sourcecode.swift; path = TrackingURL.swift; sourceTree = "<group>"; };
		E89B9953289262CA00B03726 /* TapCustomer.swift */ = {isa = PBXFileReference; fileEncoding = 4; lastKnownFileType = sourcecode.swift; path = TapCustomer.swift; sourceTree = "<group>"; };
		E89B9954289262CA00B03726 /* SourceRequest.swift */ = {isa = PBXFileReference; fileEncoding = 4; lastKnownFileType = sourcecode.swift; path = SourceRequest.swift; sourceTree = "<group>"; };
		E89B9958289262FC00B03726 /* URLStatus.swift */ = {isa = PBXFileReference; fileEncoding = 4; lastKnownFileType = sourcecode.swift; path = URLStatus.swift; sourceTree = "<group>"; };
		E89B995A2892631400B03726 /* AuthenticationRequirer.swift */ = {isa = PBXFileReference; fileEncoding = 4; lastKnownFileType = sourcecode.swift; path = AuthenticationRequirer.swift; sourceTree = "<group>"; };
		E89B995B2892631500B03726 /* AuthenticationStatus.swift */ = {isa = PBXFileReference; fileEncoding = 4; lastKnownFileType = sourcecode.swift; path = AuthenticationStatus.swift; sourceTree = "<group>"; };
		E89B995C2892631500B03726 /* AuthenticationType.swift */ = {isa = PBXFileReference; fileEncoding = 4; lastKnownFileType = sourcecode.swift; path = AuthenticationType.swift; sourceTree = "<group>"; };
		E89B99602892633800B03726 /* CardVerificationStatus.swift */ = {isa = PBXFileReference; fileEncoding = 4; lastKnownFileType = sourcecode.swift; path = CardVerificationStatus.swift; sourceTree = "<group>"; };
		E89B99622892635200B03726 /* TransactionExpiry.swift */ = {isa = PBXFileReference; fileEncoding = 4; lastKnownFileType = sourcecode.swift; path = TransactionExpiry.swift; sourceTree = "<group>"; };
		E89B99632892635200B03726 /* TransactionOrder.swift */ = {isa = PBXFileReference; fileEncoding = 4; lastKnownFileType = sourcecode.swift; path = TransactionOrder.swift; sourceTree = "<group>"; };
		E89B99642892635200B03726 /* Source.swift */ = {isa = PBXFileReference; fileEncoding = 4; lastKnownFileType = sourcecode.swift; path = Source.swift; sourceTree = "<group>"; };
		E89B99652892635200B03726 /* TransactionDetails.swift */ = {isa = PBXFileReference; fileEncoding = 4; lastKnownFileType = sourcecode.swift; path = TransactionDetails.swift; sourceTree = "<group>"; };
		E89B99662892635200B03726 /* SavedCard.swift */ = {isa = PBXFileReference; fileEncoding = 4; lastKnownFileType = sourcecode.swift; path = SavedCard.swift; sourceTree = "<group>"; };
		E89B996C2892636C00B03726 /* ExpirationDate.swift */ = {isa = PBXFileReference; fileEncoding = 4; lastKnownFileType = sourcecode.swift; path = ExpirationDate.swift; sourceTree = "<group>"; };
		E89B996E289263D400B03726 /* SourceObject.swift */ = {isa = PBXFileReference; fileEncoding = 4; lastKnownFileType = sourcecode.swift; path = SourceObject.swift; sourceTree = "<group>"; };
		E89B996F289263D400B03726 /* SourcePaymentType.swift */ = {isa = PBXFileReference; fileEncoding = 4; lastKnownFileType = sourcecode.swift; path = SourcePaymentType.swift; sourceTree = "<group>"; };
		E89B9970289263D400B03726 /* SourceType.swift */ = {isa = PBXFileReference; fileEncoding = 4; lastKnownFileType = sourcecode.swift; path = SourceType.swift; sourceTree = "<group>"; };
		E89B9974289263E800B03726 /* SourceChannel.swift */ = {isa = PBXFileReference; fileEncoding = 4; lastKnownFileType = sourcecode.swift; path = SourceChannel.swift; sourceTree = "<group>"; };
		E89B99762892818600B03726 /* TapCallsResponseGenerator.swift */ = {isa = PBXFileReference; lastKnownFileType = sourcecode.swift; path = TapCallsResponseGenerator.swift; sourceTree = "<group>"; };
		E89B99782893A6E700B03726 /* NetworkManager+HandlingResponses.swift */ = {isa = PBXFileReference; lastKnownFileType = sourcecode.swift; path = "NetworkManager+HandlingResponses.swift"; sourceTree = "<group>"; };
		E89B997A2893AD2300B03726 /* TapCheckout+WebPaymentHandler.swift */ = {isa = PBXFileReference; fileEncoding = 4; lastKnownFileType = sourcecode.swift; path = "TapCheckout+WebPaymentHandler.swift"; sourceTree = "<group>"; };
		E89B997C2893C76B00B03726 /* TapWebViewController.swift */ = {isa = PBXFileReference; lastKnownFileType = sourcecode.swift; path = TapWebViewController.swift; sourceTree = "<group>"; };
		E89B997D2893C76B00B03726 /* TapWebViewController.xib */ = {isa = PBXFileReference; lastKnownFileType = file.xib; path = TapWebViewController.xib; sourceTree = "<group>"; };
		E89B998028940B0800B03726 /* CreateCustomerViewController.swift */ = {isa = PBXFileReference; fileEncoding = 4; lastKnownFileType = sourcecode.swift; path = CreateCustomerViewController.swift; sourceTree = "<group>"; };
/* End PBXFileReference section */

/* Begin PBXFrameworksBuildPhase section */
		E83262DE27E88B6E005F3AAF /* Frameworks */ = {
			isa = PBXFrameworksBuildPhase;
			buildActionMask = 2147483647;
			files = (
				4630C9E98983B0A1A514926A /* Pods_TapCardCheckOutKit.framework in Frameworks */,
			);
			runOnlyForDeploymentPostprocessing = 0;
		};
		E83262F227E88C6F005F3AAF /* Frameworks */ = {
			isa = PBXFrameworksBuildPhase;
			buildActionMask = 2147483647;
			files = (
				E832630A27E88C91005F3AAF /* TapCardCheckOutKit.framework in Frameworks */,
				BBADB5ABAA6C652F7D3A3BCB /* Pods_TapCardCheckoutExample.framework in Frameworks */,
			);
			runOnlyForDeploymentPostprocessing = 0;
		};
/* End PBXFrameworksBuildPhase section */

/* Begin PBXGroup section */
		0328E0E230783A68A6A8646D /* Pods */ = {
			isa = PBXGroup;
			children = (
				4AA042CE7F6CE843C5D822BB /* Pods-TapCardCheckOutKit.debug.xcconfig */,
				69D577F56116879A8D8D1BE9 /* Pods-TapCardCheckOutKit.release.xcconfig */,
				7DC6A926CF6319E834F34AC8 /* Pods-TapCardCheckoutExample.debug.xcconfig */,
				D2067D162FDFC067773A11B1 /* Pods-TapCardCheckoutExample.release.xcconfig */,
			);
			path = Pods;
			sourceTree = "<group>";
		};
		E83262D727E88B6E005F3AAF = {
			isa = PBXGroup;
			children = (
				E83262E327E88B6E005F3AAF /* TapCardCheckOutKit */,
				E83262F627E88C6F005F3AAF /* TapCardCheckoutExample */,
				E83262E227E88B6E005F3AAF /* Products */,
				E832630927E88C91005F3AAF /* Frameworks */,
				0328E0E230783A68A6A8646D /* Pods */,
			);
			sourceTree = "<group>";
		};
		E83262E227E88B6E005F3AAF /* Products */ = {
			isa = PBXGroup;
			children = (
				E83262E127E88B6E005F3AAF /* TapCardCheckOutKit.framework */,
				E83262F527E88C6F005F3AAF /* TapCardCheckoutExample.app */,
			);
			name = Products;
			sourceTree = "<group>";
		};
		E83262E327E88B6E005F3AAF /* TapCardCheckOutKit */ = {
			isa = PBXGroup;
			children = (
				E83262ED27E88BCF005F3AAF /* Core */,
				E83262E427E88B6E005F3AAF /* TapCardCheckOutKit.h */,
				E83262E527E88B6E005F3AAF /* TapCardCheckOutKit.docc */,
			);
			path = TapCardCheckOutKit;
			sourceTree = "<group>";
		};
		E83262ED27E88BCF005F3AAF /* Core */ = {
			isa = PBXGroup;
			children = (
				E8ED36EA27EAFC900050589E /* Logic */,
				E83262EE27E88BE7005F3AAF /* Assets */,
			);
			path = Core;
			sourceTree = "<group>";
		};
		E83262EE27E88BE7005F3AAF /* Assets */ = {
			isa = PBXGroup;
			children = (
				E8503AA62896512200D1B8B0 /* GoogleService-Info.plist */,
				E832631527E8993C005F3AAF /* Theme.json */,
				E832630F27E89420005F3AAF /* TapCardInputView.xib */,
			);
			path = Assets;
			sourceTree = "<group>";
		};
		E83262EF27E88BEC005F3AAF /* private */ = {
			isa = PBXGroup;
			children = (
				E89B997A2893AD2300B03726 /* TapCheckout+WebPaymentHandler.swift */,
				E832640727E9DBE0005F3AAF /* NetworkManagerExtension.swift */,
				E832631327E8950D005F3AAF /* CardInputExtensions.swift */,
				E89B997C2893C76B00B03726 /* TapWebViewController.swift */,
				E89B997D2893C76B00B03726 /* TapWebViewController.xib */,
			);
			path = private;
			sourceTree = "<group>";
		};
		E83262F027E88BF2005F3AAF /* public */ = {
			isa = PBXGroup;
			children = (
				E832631127E89435005F3AAF /* TapCardInputView.swift */,
				E832644E27EA20F3005F3AAF /* TapCardForumConfiguration.swift */,
			);
			path = public;
			sourceTree = "<group>";
		};
		E83262F627E88C6F005F3AAF /* TapCardCheckoutExample */ = {
			isa = PBXGroup;
			children = (
				E89B998028940B0800B03726 /* CreateCustomerViewController.swift */,
				E83262F727E88C6F005F3AAF /* AppDelegate.swift */,
				E83262F927E88C6F005F3AAF /* SceneDelegate.swift */,
				E83262FB27E88C6F005F3AAF /* ViewController.swift */,
				E83262FD27E88C6F005F3AAF /* Main.storyboard */,
				E83FD0D9288D590800057F22 /* amazon.jpeg */,
				E832630027E88C71005F3AAF /* Assets.xcassets */,
				E832630227E88C71005F3AAF /* LaunchScreen.storyboard */,
				E832630527E88C71005F3AAF /* Info.plist */,
				E832644227EA04A8005F3AAF /* CustomLightTheme.json */,
				E832644427EA04C5005F3AAF /* CustomDarkTheme.json */,
				E832644C27EA10FD005F3AAF /* CustomLocalisation.json */,
				E874F803288585B70067DB3E /* DempSettingsViewController.swift */,
				E874F805288586C50067DB3E /* ConfigurationSharedManager.swift */,
			);
			path = TapCardCheckoutExample;
			sourceTree = "<group>";
		};
		E832630927E88C91005F3AAF /* Frameworks */ = {
			isa = PBXGroup;
			children = (
				95BD0FD8D531C7E28085527C /* Pods_TapCardCheckOutKit.framework */,
				93326734CE10E55531CF012C /* Pods_TapCardCheckoutExample.framework */,
			);
			name = Frameworks;
			sourceTree = "<group>";
		};
		E832640427E9DAE1005F3AAF /* Network */ = {
			isa = PBXGroup;
			children = (
				E832641C27E9DF59005F3AAF /* ApiCalls */,
				E832641727E9DE22005F3AAF /* Utils */,
				E832641627E9DE1E005F3AAF /* Models */,
				E832641127E9DD2A005F3AAF /* Enums */,
				E832640527E9DB05005F3AAF /* NetworkManager.swift */,
				E89B99762892818600B03726 /* TapCallsResponseGenerator.swift */,
			);
			path = Network;
			sourceTree = "<group>";
		};
		E832641127E9DD2A005F3AAF /* Enums */ = {
			isa = PBXGroup;
			children = (
				E89B9974289263E800B03726 /* SourceChannel.swift */,
				E89B996E289263D400B03726 /* SourceObject.swift */,
				E89B996F289263D400B03726 /* SourcePaymentType.swift */,
				E89B9970289263D400B03726 /* SourceType.swift */,
				E89B99602892633800B03726 /* CardVerificationStatus.swift */,
				E89B9958289262FC00B03726 /* URLStatus.swift */,
				E832643C27E9E20A005F3AAF /* TokenType.swift */,
				E832643427E9E162005F3AAF /* AddressFormat.swift */,
				E832643227E9E14D005F3AAF /* AddressType.swift */,
				E832641227E9DD31005F3AAF /* SDKMode.swift */,
				E832641427E9DD72005F3AAF /* TapNetworkPath.swift */,
				E83FD0DB288D629D00057F22 /* CardKitErrorType.swift */,
			);
			path = Enums;
			sourceTree = "<group>";
		};
		E832641627E9DE1E005F3AAF /* Models */ = {
			isa = PBXGroup;
			children = (
				E89B996C2892636C00B03726 /* ExpirationDate.swift */,
				E89B99662892635200B03726 /* SavedCard.swift */,
				E89B99642892635200B03726 /* Source.swift */,
				E89B99652892635200B03726 /* TransactionDetails.swift */,
				E89B99622892635200B03726 /* TransactionExpiry.swift */,
				E89B99632892635200B03726 /* TransactionOrder.swift */,
				E89B995A2892631400B03726 /* AuthenticationRequirer.swift */,
				E89B995B2892631500B03726 /* AuthenticationStatus.swift */,
				E89B995C2892631500B03726 /* AuthenticationType.swift */,
				E89B9954289262CA00B03726 /* SourceRequest.swift */,
				E89B9953289262CA00B03726 /* TapCustomer.swift */,
				E89B9952289262CA00B03726 /* TrackingURL.swift */,
				E832643827E9E1EE005F3AAF /* Token.swift */,
				E832643927E9E1EE005F3AAF /* TokenizedCard.swift */,
				E832642F27E9E0D6005F3AAF /* Address.swift */,
				E832642E27E9E0D6005F3AAF /* Country.swift */,
				E832642C27E9E0AC005F3AAF /* CreateTokenCard.swift */,
				E832642327E9DFB3005F3AAF /* InternalSDKSettings.swift */,
				E832642227E9DFB3005F3AAF /* Merchant.swift */,
				E832642127E9DFB3005F3AAF /* Permissions.swift */,
				E832641827E9DE35005F3AAF /* SecretKey.swift */,
				E832641A27E9DEFF005F3AAF /* ApiErrorModel.swift */,
				E832643E27E9EBBC005F3AAF /* TapCardDataConfiguration.swift */,
				E832644627EA09BD005F3AAF /* TapCardForumTheme.swift */,
				E832644827EA0EE8005F3AAF /* TapCardForumLocalisation.swift */,
			);
			path = Models;
			sourceTree = "<group>";
		};
		E832641727E9DE22005F3AAF /* Utils */ = {
			isa = PBXGroup;
			children = (
				E832640A27E9DC06005F3AAF /* Crypter.swift */,
				E832640927E9DC06005F3AAF /* ErrorUtils.swift */,
				E832640B27E9DC06005F3AAF /* KeychainManager.swift */,
				E832640C27E9DC06005F3AAF /* RSAUtils.swift */,
			);
			path = Utils;
			sourceTree = "<group>";
		};
		E832641C27E9DF59005F3AAF /* ApiCalls */ = {
			isa = PBXGroup;
			children = (
				E83FD0992889E77000057F22 /* TapBinRequest */,
				E832642727E9E01E005F3AAF /* TapTokenRequest */,
				E83FD08A28896FD000057F22 /* Config */,
				E832641D27E9DF7D005F3AAF /* Init */,
				E89B994B2892628900B03726 /* TapCardVerifyRequest */,
				E832643627E9E193005F3AAF /* NetworkManagerApiCallsExtension.swift */,
				E89B99782893A6E700B03726 /* NetworkManager+HandlingResponses.swift */,
			);
			path = ApiCalls;
			sourceTree = "<group>";
		};
		E832641D27E9DF7D005F3AAF /* Init */ = {
			isa = PBXGroup;
			children = (
				E832641E27E9DF83005F3AAF /* TapInitResponsdeModel */,
			);
			path = Init;
			sourceTree = "<group>";
		};
		E832641E27E9DF83005F3AAF /* TapInitResponsdeModel */ = {
			isa = PBXGroup;
			children = (
				E83FD09728897C6800057F22 /* TapPaymentOption.swift */,
				E83FD09528897C2F00057F22 /* TapPaymentOptionsReponseModel.swift */,
				E832641F27E9DF96005F3AAF /* SDKSettings.swift */,
			);
			path = TapInitResponsdeModel;
			sourceTree = "<group>";
		};
		E832642727E9E01E005F3AAF /* TapTokenRequest */ = {
			isa = PBXGroup;
			children = (
				E832642827E9E079005F3AAF /* TapCreateTokenRequest.swift */,
				E832642927E9E079005F3AAF /* TapCreateTokenWithCardDataRequest.swift */,
			);
			path = TapTokenRequest;
			sourceTree = "<group>";
		};
		E83FD08A28896FD000057F22 /* Config */ = {
			isa = PBXGroup;
			children = (
				E83FD08F2889713500057F22 /* Gateway.swift */,
				E83FD0912889714500057F22 /* Config.swift */,
				E83FD08B28896FFD00057F22 /* TapConfigRequestModel.swift */,
				E83FD08C28896FFD00057F22 /* TapConfigResponseModel.swift */,
			);
			path = Config;
			sourceTree = "<group>";
		};
		E83FD0992889E77000057F22 /* TapBinRequest */ = {
			isa = PBXGroup;
			children = (
				E83FD09C2889E7AB00057F22 /* CardScheme.swift */,
				E83FD09A2889E77000057F22 /* TapBinResponseModel.swift */,
			);
			path = TapBinRequest;
			sourceTree = "<group>";
		};
		E89B994B2892628900B03726 /* TapCardVerifyRequest */ = {
			isa = PBXGroup;
			children = (
				E89B994C2892628900B03726 /* TapCreateCardVerificationRequestModel.swift */,
				E89B994D2892628900B03726 /* TapAuthenticationRequest.swift */,
				E89B994E2892628900B03726 /* TapCreateCardVerificationResponseModel.swift */,
			);
			path = TapCardVerifyRequest;
			sourceTree = "<group>";
		};
		E8ED36EA27EAFC900050589E /* Logic */ = {
			isa = PBXGroup;
			children = (
				E832640427E9DAE1005F3AAF /* Network */,
				E83262F027E88BF2005F3AAF /* public */,
				E83262EF27E88BEC005F3AAF /* private */,
			);
			path = Logic;
			sourceTree = "<group>";
		};
/* End PBXGroup section */

/* Begin PBXHeadersBuildPhase section */
		E83262DC27E88B6E005F3AAF /* Headers */ = {
			isa = PBXHeadersBuildPhase;
			buildActionMask = 2147483647;
			files = (
				E83262E727E88B6E005F3AAF /* TapCardCheckOutKit.h in Headers */,
			);
			runOnlyForDeploymentPostprocessing = 0;
		};
/* End PBXHeadersBuildPhase section */

/* Begin PBXNativeTarget section */
		E83262E027E88B6E005F3AAF /* TapCardCheckOutKit */ = {
			isa = PBXNativeTarget;
			buildConfigurationList = E83262EA27E88B6E005F3AAF /* Build configuration list for PBXNativeTarget "TapCardCheckOutKit" */;
			buildPhases = (
				B4B70A58F9192E91B5248E7F /* [CP] Check Pods Manifest.lock */,
				E83262DC27E88B6E005F3AAF /* Headers */,
				E83262DD27E88B6E005F3AAF /* Sources */,
				E83262DE27E88B6E005F3AAF /* Frameworks */,
				E83262DF27E88B6E005F3AAF /* Resources */,
			);
			buildRules = (
			);
			dependencies = (
			);
			name = TapCardCheckOutKit;
			productName = TapCardCheckOutKit;
			productReference = E83262E127E88B6E005F3AAF /* TapCardCheckOutKit.framework */;
			productType = "com.apple.product-type.framework";
		};
		E83262F427E88C6F005F3AAF /* TapCardCheckoutExample */ = {
			isa = PBXNativeTarget;
			buildConfigurationList = E832630627E88C71005F3AAF /* Build configuration list for PBXNativeTarget "TapCardCheckoutExample" */;
			buildPhases = (
				DF7220F0C211DC1FF410D228 /* [CP] Check Pods Manifest.lock */,
				E83262F127E88C6F005F3AAF /* Sources */,
				E83262F227E88C6F005F3AAF /* Frameworks */,
				E83262F327E88C6F005F3AAF /* Resources */,
				E832630E27E88C92005F3AAF /* Embed Frameworks */,
				AA15B857EBA4BFE9ACDAB2AC /* [CP] Embed Pods Frameworks */,
			);
			buildRules = (
			);
			dependencies = (
				E832630D27E88C91005F3AAF /* PBXTargetDependency */,
			);
			name = TapCardCheckoutExample;
			productName = TapCardCheckoutExample;
			productReference = E83262F527E88C6F005F3AAF /* TapCardCheckoutExample.app */;
			productType = "com.apple.product-type.application";
		};
/* End PBXNativeTarget section */

/* Begin PBXProject section */
		E83262D827E88B6E005F3AAF /* Project object */ = {
			isa = PBXProject;
			attributes = {
				BuildIndependentTargetsInParallel = 1;
				LastSwiftUpdateCheck = 1330;
				LastUpgradeCheck = 1330;
				TargetAttributes = {
					E83262E027E88B6E005F3AAF = {
						CreatedOnToolsVersion = 13.3;
					};
					E83262F427E88C6F005F3AAF = {
						CreatedOnToolsVersion = 13.3;
					};
				};
			};
			buildConfigurationList = E83262DB27E88B6E005F3AAF /* Build configuration list for PBXProject "TapCardCheckOutKit" */;
			compatibilityVersion = "Xcode 13.0";
			developmentRegion = en;
			hasScannedForEncodings = 0;
			knownRegions = (
				en,
				Base,
			);
			mainGroup = E83262D727E88B6E005F3AAF;
			productRefGroup = E83262E227E88B6E005F3AAF /* Products */;
			projectDirPath = "";
			projectRoot = "";
			targets = (
				E83262E027E88B6E005F3AAF /* TapCardCheckOutKit */,
				E83262F427E88C6F005F3AAF /* TapCardCheckoutExample */,
			);
		};
/* End PBXProject section */

/* Begin PBXResourcesBuildPhase section */
		E83262DF27E88B6E005F3AAF /* Resources */ = {
			isa = PBXResourcesBuildPhase;
			buildActionMask = 2147483647;
			files = (
				E8503AA72896512200D1B8B0 /* GoogleService-Info.plist in Resources */,
				E832631027E89420005F3AAF /* TapCardInputView.xib in Resources */,
				E832631627E8993C005F3AAF /* Theme.json in Resources */,
				E89B997F2893C76B00B03726 /* TapWebViewController.xib in Resources */,
			);
			runOnlyForDeploymentPostprocessing = 0;
		};
		E83262F327E88C6F005F3AAF /* Resources */ = {
			isa = PBXResourcesBuildPhase;
			buildActionMask = 2147483647;
			files = (
				E832644527EA04C5005F3AAF /* CustomDarkTheme.json in Resources */,
				E832630427E88C71005F3AAF /* LaunchScreen.storyboard in Resources */,
				E832644D27EA10FD005F3AAF /* CustomLocalisation.json in Resources */,
				E832630127E88C71005F3AAF /* Assets.xcassets in Resources */,
				E83262FF27E88C6F005F3AAF /* Main.storyboard in Resources */,
				E83FD0DA288D590800057F22 /* amazon.jpeg in Resources */,
				E832644327EA04A8005F3AAF /* CustomLightTheme.json in Resources */,
			);
			runOnlyForDeploymentPostprocessing = 0;
		};
/* End PBXResourcesBuildPhase section */

/* Begin PBXShellScriptBuildPhase section */
		AA15B857EBA4BFE9ACDAB2AC /* [CP] Embed Pods Frameworks */ = {
			isa = PBXShellScriptBuildPhase;
			buildActionMask = 2147483647;
			files = (
			);
			inputFileListPaths = (
				"${PODS_ROOT}/Target Support Files/Pods-TapCardCheckoutExample/Pods-TapCardCheckoutExample-frameworks-${CONFIGURATION}-input-files.xcfilelist",
			);
			name = "[CP] Embed Pods Frameworks";
			outputFileListPaths = (
				"${PODS_ROOT}/Target Support Files/Pods-TapCardCheckoutExample/Pods-TapCardCheckoutExample-frameworks-${CONFIGURATION}-output-files.xcfilelist",
			);
			runOnlyForDeploymentPostprocessing = 0;
			shellPath = /bin/sh;
			shellScript = "\"${PODS_ROOT}/Target Support Files/Pods-TapCardCheckoutExample/Pods-TapCardCheckoutExample-frameworks.sh\"\n";
			showEnvVarsInLog = 0;
		};
		B4B70A58F9192E91B5248E7F /* [CP] Check Pods Manifest.lock */ = {
			isa = PBXShellScriptBuildPhase;
			buildActionMask = 2147483647;
			files = (
			);
			inputFileListPaths = (
			);
			inputPaths = (
				"${PODS_PODFILE_DIR_PATH}/Podfile.lock",
				"${PODS_ROOT}/Manifest.lock",
			);
			name = "[CP] Check Pods Manifest.lock";
			outputFileListPaths = (
			);
			outputPaths = (
				"$(DERIVED_FILE_DIR)/Pods-TapCardCheckOutKit-checkManifestLockResult.txt",
			);
			runOnlyForDeploymentPostprocessing = 0;
			shellPath = /bin/sh;
			shellScript = "diff \"${PODS_PODFILE_DIR_PATH}/Podfile.lock\" \"${PODS_ROOT}/Manifest.lock\" > /dev/null\nif [ $? != 0 ] ; then\n    # print error to STDERR\n    echo \"error: The sandbox is not in sync with the Podfile.lock. Run 'pod install' or update your CocoaPods installation.\" >&2\n    exit 1\nfi\n# This output is used by Xcode 'outputs' to avoid re-running this script phase.\necho \"SUCCESS\" > \"${SCRIPT_OUTPUT_FILE_0}\"\n";
			showEnvVarsInLog = 0;
		};
		DF7220F0C211DC1FF410D228 /* [CP] Check Pods Manifest.lock */ = {
			isa = PBXShellScriptBuildPhase;
			buildActionMask = 2147483647;
			files = (
			);
			inputFileListPaths = (
			);
			inputPaths = (
				"${PODS_PODFILE_DIR_PATH}/Podfile.lock",
				"${PODS_ROOT}/Manifest.lock",
			);
			name = "[CP] Check Pods Manifest.lock";
			outputFileListPaths = (
			);
			outputPaths = (
				"$(DERIVED_FILE_DIR)/Pods-TapCardCheckoutExample-checkManifestLockResult.txt",
			);
			runOnlyForDeploymentPostprocessing = 0;
			shellPath = /bin/sh;
			shellScript = "diff \"${PODS_PODFILE_DIR_PATH}/Podfile.lock\" \"${PODS_ROOT}/Manifest.lock\" > /dev/null\nif [ $? != 0 ] ; then\n    # print error to STDERR\n    echo \"error: The sandbox is not in sync with the Podfile.lock. Run 'pod install' or update your CocoaPods installation.\" >&2\n    exit 1\nfi\n# This output is used by Xcode 'outputs' to avoid re-running this script phase.\necho \"SUCCESS\" > \"${SCRIPT_OUTPUT_FILE_0}\"\n";
			showEnvVarsInLog = 0;
		};
/* End PBXShellScriptBuildPhase section */

/* Begin PBXSourcesBuildPhase section */
		E83262DD27E88B6E005F3AAF /* Sources */ = {
			isa = PBXSourcesBuildPhase;
			buildActionMask = 2147483647;
			files = (
				E83FD09628897C2F00057F22 /* TapPaymentOptionsReponseModel.swift in Sources */,
				E89B9959289262FC00B03726 /* URLStatus.swift in Sources */,
				E832642627E9DFB4005F3AAF /* InternalSDKSettings.swift in Sources */,
				E89B995D2892631500B03726 /* AuthenticationRequirer.swift in Sources */,
				E89B9971289263D500B03726 /* SourceObject.swift in Sources */,
				E832640627E9DB05005F3AAF /* NetworkManager.swift in Sources */,
				E832641927E9DE35005F3AAF /* SecretKey.swift in Sources */,
				E83FD0DC288D629D00057F22 /* CardKitErrorType.swift in Sources */,
				E83262E627E88B6E005F3AAF /* TapCardCheckOutKit.docc in Sources */,
				E832640827E9DBE0005F3AAF /* NetworkManagerExtension.swift in Sources */,
				E832643727E9E193005F3AAF /* NetworkManagerApiCallsExtension.swift in Sources */,
				E832641B27E9DEFF005F3AAF /* ApiErrorModel.swift in Sources */,
				E832643F27E9EBBC005F3AAF /* TapCardDataConfiguration.swift in Sources */,
				E832640E27E9DC06005F3AAF /* Crypter.swift in Sources */,
				E89B997B2893AD2300B03726 /* TapCheckout+WebPaymentHandler.swift in Sources */,
				E89B99772892818600B03726 /* TapCallsResponseGenerator.swift in Sources */,
				E83FD09D2889E7AB00057F22 /* CardScheme.swift in Sources */,
				E89B9972289263D500B03726 /* SourcePaymentType.swift in Sources */,
				E83FD0902889713500057F22 /* Gateway.swift in Sources */,
				E89B995E2892631500B03726 /* AuthenticationStatus.swift in Sources */,
				E89B99612892633800B03726 /* CardVerificationStatus.swift in Sources */,
				E832643027E9E0D6005F3AAF /* Country.swift in Sources */,
				E832644927EA0EE8005F3AAF /* TapCardForumLocalisation.swift in Sources */,
				E89B9955289262CA00B03726 /* TrackingURL.swift in Sources */,
				E832643D27E9E20A005F3AAF /* TokenType.swift in Sources */,
				E89B9956289262CA00B03726 /* TapCustomer.swift in Sources */,
				E89B995F2892631500B03726 /* AuthenticationType.swift in Sources */,
				E89B994F2892628900B03726 /* TapCreateCardVerificationRequestModel.swift in Sources */,
				E832641527E9DD72005F3AAF /* TapNetworkPath.swift in Sources */,
				E89B99682892635200B03726 /* TransactionOrder.swift in Sources */,
				E83FD09828897C6900057F22 /* TapPaymentOption.swift in Sources */,
				E832642B27E9E079005F3AAF /* TapCreateTokenWithCardDataRequest.swift in Sources */,
				E89B996D2892636C00B03726 /* ExpirationDate.swift in Sources */,
				E832643A27E9E1EE005F3AAF /* Token.swift in Sources */,
				E832641027E9DC07005F3AAF /* RSAUtils.swift in Sources */,
				E832644727EA09BD005F3AAF /* TapCardForumTheme.swift in Sources */,
				E832641327E9DD31005F3AAF /* SDKMode.swift in Sources */,
				E83FD08E28896FFD00057F22 /* TapConfigResponseModel.swift in Sources */,
				E89B99512892628900B03726 /* TapCreateCardVerificationResponseModel.swift in Sources */,
				E832642D27E9E0AC005F3AAF /* CreateTokenCard.swift in Sources */,
				E89B99502892628900B03726 /* TapAuthenticationRequest.swift in Sources */,
				E832643527E9E162005F3AAF /* AddressFormat.swift in Sources */,
				E89B9975289263E800B03726 /* SourceChannel.swift in Sources */,
				E832643B27E9E1EE005F3AAF /* TokenizedCard.swift in Sources */,
				E832631427E8950D005F3AAF /* CardInputExtensions.swift in Sources */,
				E832642A27E9E079005F3AAF /* TapCreateTokenRequest.swift in Sources */,
				E89B9957289262CA00B03726 /* SourceRequest.swift in Sources */,
				E89B9973289263D500B03726 /* SourceType.swift in Sources */,
				E83FD08D28896FFD00057F22 /* TapConfigRequestModel.swift in Sources */,
				E89B996B2892635200B03726 /* SavedCard.swift in Sources */,
				E832642427E9DFB4005F3AAF /* Permissions.swift in Sources */,
				E83FD09B2889E77000057F22 /* TapBinResponseModel.swift in Sources */,
				E832642527E9DFB4005F3AAF /* Merchant.swift in Sources */,
				E832643327E9E14D005F3AAF /* AddressType.swift in Sources */,
				E89B99672892635200B03726 /* TransactionExpiry.swift in Sources */,
				E83FD0922889714500057F22 /* Config.swift in Sources */,
				E89B99692892635200B03726 /* Source.swift in Sources */,
				E89B99792893A6E700B03726 /* NetworkManager+HandlingResponses.swift in Sources */,
				E832644F27EA20F3005F3AAF /* TapCardForumConfiguration.swift in Sources */,
				E89B997E2893C76B00B03726 /* TapWebViewController.swift in Sources */,
				E832640D27E9DC06005F3AAF /* ErrorUtils.swift in Sources */,
				E832642027E9DF96005F3AAF /* SDKSettings.swift in Sources */,
				E832631227E89435005F3AAF /* TapCardInputView.swift in Sources */,
				E832643127E9E0D6005F3AAF /* Address.swift in Sources */,
				E832640F27E9DC06005F3AAF /* KeychainManager.swift in Sources */,
				E89B996A2892635200B03726 /* TransactionDetails.swift in Sources */,
			);
			runOnlyForDeploymentPostprocessing = 0;
		};
		E83262F127E88C6F005F3AAF /* Sources */ = {
			isa = PBXSourcesBuildPhase;
			buildActionMask = 2147483647;
			files = (
				E83262FC27E88C6F005F3AAF /* ViewController.swift in Sources */,
				E874F806288586C50067DB3E /* ConfigurationSharedManager.swift in Sources */,
				E83262F827E88C6F005F3AAF /* AppDelegate.swift in Sources */,
				E874F804288585B70067DB3E /* DempSettingsViewController.swift in Sources */,
				E89B998128940B0900B03726 /* CreateCustomerViewController.swift in Sources */,
				E83262FA27E88C6F005F3AAF /* SceneDelegate.swift in Sources */,
			);
			runOnlyForDeploymentPostprocessing = 0;
		};
/* End PBXSourcesBuildPhase section */

/* Begin PBXTargetDependency section */
		E832630D27E88C91005F3AAF /* PBXTargetDependency */ = {
			isa = PBXTargetDependency;
			platformFilter = ios;
			target = E83262E027E88B6E005F3AAF /* TapCardCheckOutKit */;
			targetProxy = E832630C27E88C91005F3AAF /* PBXContainerItemProxy */;
		};
/* End PBXTargetDependency section */

/* Begin PBXVariantGroup section */
		E83262FD27E88C6F005F3AAF /* Main.storyboard */ = {
			isa = PBXVariantGroup;
			children = (
				E83262FE27E88C6F005F3AAF /* Base */,
			);
			name = Main.storyboard;
			sourceTree = "<group>";
		};
		E832630227E88C71005F3AAF /* LaunchScreen.storyboard */ = {
			isa = PBXVariantGroup;
			children = (
				E832630327E88C71005F3AAF /* Base */,
			);
			name = LaunchScreen.storyboard;
			sourceTree = "<group>";
		};
/* End PBXVariantGroup section */

/* Begin XCBuildConfiguration section */
		E83262E827E88B6E005F3AAF /* Debug */ = {
			isa = XCBuildConfiguration;
			buildSettings = {
				ALWAYS_SEARCH_USER_PATHS = NO;
				CLANG_ANALYZER_NONNULL = YES;
				CLANG_ANALYZER_NUMBER_OBJECT_CONVERSION = YES_AGGRESSIVE;
				CLANG_CXX_LANGUAGE_STANDARD = "gnu++17";
				CLANG_ENABLE_MODULES = YES;
				CLANG_ENABLE_OBJC_ARC = YES;
				CLANG_ENABLE_OBJC_WEAK = YES;
				CLANG_WARN_BLOCK_CAPTURE_AUTORELEASING = YES;
				CLANG_WARN_BOOL_CONVERSION = YES;
				CLANG_WARN_COMMA = YES;
				CLANG_WARN_CONSTANT_CONVERSION = YES;
				CLANG_WARN_DEPRECATED_OBJC_IMPLEMENTATIONS = YES;
				CLANG_WARN_DIRECT_OBJC_ISA_USAGE = YES_ERROR;
				CLANG_WARN_DOCUMENTATION_COMMENTS = YES;
				CLANG_WARN_EMPTY_BODY = YES;
				CLANG_WARN_ENUM_CONVERSION = YES;
				CLANG_WARN_INFINITE_RECURSION = YES;
				CLANG_WARN_INT_CONVERSION = YES;
				CLANG_WARN_NON_LITERAL_NULL_CONVERSION = YES;
				CLANG_WARN_OBJC_IMPLICIT_RETAIN_SELF = YES;
				CLANG_WARN_OBJC_LITERAL_CONVERSION = YES;
				CLANG_WARN_OBJC_ROOT_CLASS = YES_ERROR;
				CLANG_WARN_QUOTED_INCLUDE_IN_FRAMEWORK_HEADER = YES;
				CLANG_WARN_RANGE_LOOP_ANALYSIS = YES;
				CLANG_WARN_STRICT_PROTOTYPES = YES;
				CLANG_WARN_SUSPICIOUS_MOVE = YES;
				CLANG_WARN_UNGUARDED_AVAILABILITY = YES_AGGRESSIVE;
				CLANG_WARN_UNREACHABLE_CODE = YES;
				CLANG_WARN__DUPLICATE_METHOD_MATCH = YES;
				COPY_PHASE_STRIP = NO;
				CURRENT_PROJECT_VERSION = 1;
				DEBUG_INFORMATION_FORMAT = dwarf;
				ENABLE_STRICT_OBJC_MSGSEND = YES;
				ENABLE_TESTABILITY = YES;
				GCC_C_LANGUAGE_STANDARD = gnu11;
				GCC_DYNAMIC_NO_PIC = NO;
				GCC_NO_COMMON_BLOCKS = YES;
				GCC_OPTIMIZATION_LEVEL = 0;
				GCC_PREPROCESSOR_DEFINITIONS = (
					"DEBUG=1",
					"$(inherited)",
				);
				GCC_WARN_64_TO_32_BIT_CONVERSION = YES;
				GCC_WARN_ABOUT_RETURN_TYPE = YES_ERROR;
				GCC_WARN_UNDECLARED_SELECTOR = YES;
				GCC_WARN_UNINITIALIZED_AUTOS = YES_AGGRESSIVE;
				GCC_WARN_UNUSED_FUNCTION = YES;
				GCC_WARN_UNUSED_VARIABLE = YES;
				IPHONEOS_DEPLOYMENT_TARGET = 13.0;
				MTL_ENABLE_DEBUG_INFO = INCLUDE_SOURCE;
				MTL_FAST_MATH = YES;
				ONLY_ACTIVE_ARCH = YES;
				SDKROOT = iphoneos;
				SWIFT_ACTIVE_COMPILATION_CONDITIONS = DEBUG;
				SWIFT_OPTIMIZATION_LEVEL = "-Onone";
				VERSIONING_SYSTEM = "apple-generic";
				VERSION_INFO_PREFIX = "";
			};
			name = Debug;
		};
		E83262E927E88B6E005F3AAF /* Release */ = {
			isa = XCBuildConfiguration;
			buildSettings = {
				ALWAYS_SEARCH_USER_PATHS = NO;
				CLANG_ANALYZER_NONNULL = YES;
				CLANG_ANALYZER_NUMBER_OBJECT_CONVERSION = YES_AGGRESSIVE;
				CLANG_CXX_LANGUAGE_STANDARD = "gnu++17";
				CLANG_ENABLE_MODULES = YES;
				CLANG_ENABLE_OBJC_ARC = YES;
				CLANG_ENABLE_OBJC_WEAK = YES;
				CLANG_WARN_BLOCK_CAPTURE_AUTORELEASING = YES;
				CLANG_WARN_BOOL_CONVERSION = YES;
				CLANG_WARN_COMMA = YES;
				CLANG_WARN_CONSTANT_CONVERSION = YES;
				CLANG_WARN_DEPRECATED_OBJC_IMPLEMENTATIONS = YES;
				CLANG_WARN_DIRECT_OBJC_ISA_USAGE = YES_ERROR;
				CLANG_WARN_DOCUMENTATION_COMMENTS = YES;
				CLANG_WARN_EMPTY_BODY = YES;
				CLANG_WARN_ENUM_CONVERSION = YES;
				CLANG_WARN_INFINITE_RECURSION = YES;
				CLANG_WARN_INT_CONVERSION = YES;
				CLANG_WARN_NON_LITERAL_NULL_CONVERSION = YES;
				CLANG_WARN_OBJC_IMPLICIT_RETAIN_SELF = YES;
				CLANG_WARN_OBJC_LITERAL_CONVERSION = YES;
				CLANG_WARN_OBJC_ROOT_CLASS = YES_ERROR;
				CLANG_WARN_QUOTED_INCLUDE_IN_FRAMEWORK_HEADER = YES;
				CLANG_WARN_RANGE_LOOP_ANALYSIS = YES;
				CLANG_WARN_STRICT_PROTOTYPES = YES;
				CLANG_WARN_SUSPICIOUS_MOVE = YES;
				CLANG_WARN_UNGUARDED_AVAILABILITY = YES_AGGRESSIVE;
				CLANG_WARN_UNREACHABLE_CODE = YES;
				CLANG_WARN__DUPLICATE_METHOD_MATCH = YES;
				COPY_PHASE_STRIP = NO;
				CURRENT_PROJECT_VERSION = 1;
				DEBUG_INFORMATION_FORMAT = "dwarf-with-dsym";
				ENABLE_NS_ASSERTIONS = NO;
				ENABLE_STRICT_OBJC_MSGSEND = YES;
				GCC_C_LANGUAGE_STANDARD = gnu11;
				GCC_NO_COMMON_BLOCKS = YES;
				GCC_WARN_64_TO_32_BIT_CONVERSION = YES;
				GCC_WARN_ABOUT_RETURN_TYPE = YES_ERROR;
				GCC_WARN_UNDECLARED_SELECTOR = YES;
				GCC_WARN_UNINITIALIZED_AUTOS = YES_AGGRESSIVE;
				GCC_WARN_UNUSED_FUNCTION = YES;
				GCC_WARN_UNUSED_VARIABLE = YES;
				IPHONEOS_DEPLOYMENT_TARGET = 13.0;
				MTL_ENABLE_DEBUG_INFO = NO;
				MTL_FAST_MATH = YES;
				SDKROOT = iphoneos;
				SWIFT_COMPILATION_MODE = wholemodule;
				SWIFT_OPTIMIZATION_LEVEL = "-O";
				VALIDATE_PRODUCT = YES;
				VERSIONING_SYSTEM = "apple-generic";
				VERSION_INFO_PREFIX = "";
			};
			name = Release;
		};
		E83262EB27E88B6E005F3AAF /* Debug */ = {
			isa = XCBuildConfiguration;
			baseConfigurationReference = 4AA042CE7F6CE843C5D822BB /* Pods-TapCardCheckOutKit.debug.xcconfig */;
			buildSettings = {
				CODE_SIGN_STYLE = Automatic;
				CURRENT_PROJECT_VERSION = 1;
				DEFINES_MODULE = YES;
				DEVELOPMENT_TEAM = G46S76PUH4;
				DYLIB_COMPATIBILITY_VERSION = 1;
				DYLIB_CURRENT_VERSION = 1;
				DYLIB_INSTALL_NAME_BASE = "@rpath";
				GENERATE_INFOPLIST_FILE = YES;
				INFOPLIST_KEY_NSHumanReadableCopyright = "";
				INSTALL_PATH = "$(LOCAL_LIBRARY_DIR)/Frameworks";
				IPHONEOS_DEPLOYMENT_TARGET = 13.0;
				LD_RUNPATH_SEARCH_PATHS = (
					"$(inherited)",
					"@executable_path/Frameworks",
					"@loader_path/Frameworks",
				);
				MARKETING_VERSION = 1.0;
				PRODUCT_BUNDLE_IDENTIFIER = tap.TapCardCheckOutKit;
				PRODUCT_NAME = "$(TARGET_NAME:c99extidentifier)";
				SKIP_INSTALL = YES;
				SUPPORTS_MACCATALYST = NO;
				SWIFT_EMIT_LOC_STRINGS = YES;
				SWIFT_VERSION = 5.0;
				TARGETED_DEVICE_FAMILY = 1;
			};
			name = Debug;
		};
		E83262EC27E88B6E005F3AAF /* Release */ = {
			isa = XCBuildConfiguration;
			baseConfigurationReference = 69D577F56116879A8D8D1BE9 /* Pods-TapCardCheckOutKit.release.xcconfig */;
			buildSettings = {
				CODE_SIGN_STYLE = Automatic;
				CURRENT_PROJECT_VERSION = 1;
				DEFINES_MODULE = YES;
				DEVELOPMENT_TEAM = G46S76PUH4;
				DYLIB_COMPATIBILITY_VERSION = 1;
				DYLIB_CURRENT_VERSION = 1;
				DYLIB_INSTALL_NAME_BASE = "@rpath";
				GENERATE_INFOPLIST_FILE = YES;
				INFOPLIST_KEY_NSHumanReadableCopyright = "";
				INSTALL_PATH = "$(LOCAL_LIBRARY_DIR)/Frameworks";
				IPHONEOS_DEPLOYMENT_TARGET = 13.0;
				LD_RUNPATH_SEARCH_PATHS = (
					"$(inherited)",
					"@executable_path/Frameworks",
					"@loader_path/Frameworks",
				);
				MARKETING_VERSION = 1.0;
				PRODUCT_BUNDLE_IDENTIFIER = tap.TapCardCheckOutKit;
				PRODUCT_NAME = "$(TARGET_NAME:c99extidentifier)";
				SKIP_INSTALL = YES;
				SUPPORTS_MACCATALYST = NO;
				SWIFT_EMIT_LOC_STRINGS = YES;
				SWIFT_VERSION = 5.0;
				TARGETED_DEVICE_FAMILY = 1;
			};
			name = Release;
		};
		E832630727E88C71005F3AAF /* Debug */ = {
			isa = XCBuildConfiguration;
			baseConfigurationReference = 7DC6A926CF6319E834F34AC8 /* Pods-TapCardCheckoutExample.debug.xcconfig */;
			buildSettings = {
				ALWAYS_EMBED_SWIFT_STANDARD_LIBRARIES = YES;
				ASSETCATALOG_COMPILER_APPICON_NAME = AppIcon;
				ASSETCATALOG_COMPILER_GLOBAL_ACCENT_COLOR_NAME = AccentColor;
				CODE_SIGN_IDENTITY = "Apple Development";
				CODE_SIGN_STYLE = Automatic;
				CURRENT_PROJECT_VERSION = 13;
				DEVELOPMENT_TEAM = G46S76PUH4;
				GENERATE_INFOPLIST_FILE = YES;
				INFOPLIST_FILE = TapCardCheckoutExample/Info.plist;
				INFOPLIST_KEY_NSCameraUsageDescription = "This application uses Camera to scan credit cards";
				INFOPLIST_KEY_UIApplicationSupportsIndirectInputEvents = YES;
				INFOPLIST_KEY_UILaunchStoryboardName = LaunchScreen;
				INFOPLIST_KEY_UIMainStoryboardFile = Main;
				INFOPLIST_KEY_UISupportedInterfaceOrientations = UIInterfaceOrientationPortrait;
				INFOPLIST_KEY_UISupportedInterfaceOrientations_iPad = "UIInterfaceOrientationPortrait UIInterfaceOrientationPortraitUpsideDown UIInterfaceOrientationLandscapeLeft UIInterfaceOrientationLandscapeRight";
				INFOPLIST_KEY_UISupportedInterfaceOrientations_iPhone = "UIInterfaceOrientationPortrait UIInterfaceOrientationLandscapeLeft UIInterfaceOrientationLandscapeRight";
				IPHONEOS_DEPLOYMENT_TARGET = 13.0;
				LD_RUNPATH_SEARCH_PATHS = (
					"$(inherited)",
					"@executable_path/Frameworks",
				);
				MARKETING_VERSION = 1.0;
				PRODUCT_BUNDLE_IDENTIFIER = tap.TapCardCheckoutExample;
				PRODUCT_NAME = "$(TARGET_NAME)";
				PROVISIONING_PROFILE_SPECIFIER = "";
				SWIFT_EMIT_LOC_STRINGS = YES;
				SWIFT_VERSION = 5.0;
				TARGETED_DEVICE_FAMILY = 1;
			};
			name = Debug;
		};
		E832630827E88C71005F3AAF /* Release */ = {
			isa = XCBuildConfiguration;
			baseConfigurationReference = D2067D162FDFC067773A11B1 /* Pods-TapCardCheckoutExample.release.xcconfig */;
			buildSettings = {
				ALWAYS_EMBED_SWIFT_STANDARD_LIBRARIES = YES;
				ASSETCATALOG_COMPILER_APPICON_NAME = AppIcon;
				ASSETCATALOG_COMPILER_GLOBAL_ACCENT_COLOR_NAME = AccentColor;
				CODE_SIGN_IDENTITY = "Apple Development";
				CODE_SIGN_STYLE = Automatic;
				CURRENT_PROJECT_VERSION = 13;
				DEVELOPMENT_TEAM = G46S76PUH4;
				GENERATE_INFOPLIST_FILE = YES;
				INFOPLIST_FILE = TapCardCheckoutExample/Info.plist;
				INFOPLIST_KEY_NSCameraUsageDescription = "This application uses Camera to scan credit cards";
				INFOPLIST_KEY_UIApplicationSupportsIndirectInputEvents = YES;
				INFOPLIST_KEY_UILaunchStoryboardName = LaunchScreen;
				INFOPLIST_KEY_UIMainStoryboardFile = Main;
				INFOPLIST_KEY_UISupportedInterfaceOrientations = UIInterfaceOrientationPortrait;
				INFOPLIST_KEY_UISupportedInterfaceOrientations_iPad = "UIInterfaceOrientationPortrait UIInterfaceOrientationPortraitUpsideDown UIInterfaceOrientationLandscapeLeft UIInterfaceOrientationLandscapeRight";
				INFOPLIST_KEY_UISupportedInterfaceOrientations_iPhone = "UIInterfaceOrientationPortrait UIInterfaceOrientationLandscapeLeft UIInterfaceOrientationLandscapeRight";
				IPHONEOS_DEPLOYMENT_TARGET = 13.0;
				LD_RUNPATH_SEARCH_PATHS = (
					"$(inherited)",
					"@executable_path/Frameworks",
				);
				MARKETING_VERSION = 1.0;
				PRODUCT_BUNDLE_IDENTIFIER = tap.TapCardCheckoutExample;
				PRODUCT_NAME = "$(TARGET_NAME)";
				PROVISIONING_PROFILE_SPECIFIER = "";
				SWIFT_EMIT_LOC_STRINGS = YES;
				SWIFT_VERSION = 5.0;
				TARGETED_DEVICE_FAMILY = 1;
			};
			name = Release;
		};
/* End XCBuildConfiguration section */

/* Begin XCConfigurationList section */
		E83262DB27E88B6E005F3AAF /* Build configuration list for PBXProject "TapCardCheckOutKit" */ = {
			isa = XCConfigurationList;
			buildConfigurations = (
				E83262E827E88B6E005F3AAF /* Debug */,
				E83262E927E88B6E005F3AAF /* Release */,
			);
			defaultConfigurationIsVisible = 0;
			defaultConfigurationName = Release;
		};
		E83262EA27E88B6E005F3AAF /* Build configuration list for PBXNativeTarget "TapCardCheckOutKit" */ = {
			isa = XCConfigurationList;
			buildConfigurations = (
				E83262EB27E88B6E005F3AAF /* Debug */,
				E83262EC27E88B6E005F3AAF /* Release */,
			);
			defaultConfigurationIsVisible = 0;
			defaultConfigurationName = Release;
		};
		E832630627E88C71005F3AAF /* Build configuration list for PBXNativeTarget "TapCardCheckoutExample" */ = {
			isa = XCConfigurationList;
			buildConfigurations = (
				E832630727E88C71005F3AAF /* Debug */,
				E832630827E88C71005F3AAF /* Release */,
			);
			defaultConfigurationIsVisible = 0;
			defaultConfigurationName = Release;
		};
/* End XCConfigurationList section */
	};
	rootObject = E83262D827E88B6E005F3AAF /* Project object */;
}
